// !$*UTF8*$!
{
	archiveVersion = 1;
	classes = {
	};
	objectVersion = 46;
	objects = {

/* Begin PBXBuildFile section */
		070C14EE19CAB5FD00EA4705 /* CityScene.cpp in Sources */ = {isa = PBXBuildFile; fileRef = 070C14EC19CAB5FD00EA4705 /* CityScene.cpp */; };
		070C14EF19CAB5FD00EA4705 /* CityScene.cpp in Sources */ = {isa = PBXBuildFile; fileRef = 070C14EC19CAB5FD00EA4705 /* CityScene.cpp */; };
		070C14F619CB9DE100EA4705 /* Panel.cpp in Sources */ = {isa = PBXBuildFile; fileRef = 070C14F419CB9DE000EA4705 /* Panel.cpp */; };
		070C14F719CB9DE100EA4705 /* Panel.cpp in Sources */ = {isa = PBXBuildFile; fileRef = 070C14F419CB9DE000EA4705 /* Panel.cpp */; };
		07173AB819C7BEED00A138CC /* Paddle.cpp in Sources */ = {isa = PBXBuildFile; fileRef = 07173AB619C7BEED00A138CC /* Paddle.cpp */; };
		07173AB919C7BEED00A138CC /* Paddle.cpp in Sources */ = {isa = PBXBuildFile; fileRef = 07173AB619C7BEED00A138CC /* Paddle.cpp */; };
		07815B6A19CFDDE2005C8347 /* paddle in Resources */ = {isa = PBXBuildFile; fileRef = 07815B6919CFDDE2005C8347 /* paddle */; };
		07815B6B19CFDDE2005C8347 /* paddle in Resources */ = {isa = PBXBuildFile; fileRef = 07815B6919CFDDE2005C8347 /* paddle */; };
		07815B6D19CFDE01005C8347 /* fonts in Resources */ = {isa = PBXBuildFile; fileRef = 07815B6C19CFDE01005C8347 /* fonts */; };
		07815B6E19CFDE01005C8347 /* fonts in Resources */ = {isa = PBXBuildFile; fileRef = 07815B6C19CFDE01005C8347 /* fonts */; };
		07815B7119D00D88005C8347 /* MyPaddle.cpp in Sources */ = {isa = PBXBuildFile; fileRef = 07815B6F19D00D88005C8347 /* MyPaddle.cpp */; };
		07815B7219D00D88005C8347 /* MyPaddle.cpp in Sources */ = {isa = PBXBuildFile; fileRef = 07815B6F19D00D88005C8347 /* MyPaddle.cpp */; };
		07815B7619D10F6B005C8347 /* item in Resources */ = {isa = PBXBuildFile; fileRef = 07815B7419D10F6B005C8347 /* item */; };
		07815B7719D10F6B005C8347 /* landform in Resources */ = {isa = PBXBuildFile; fileRef = 07815B7519D10F6B005C8347 /* landform */; };
		07815B7D19D10F93005C8347 /* scoreboard in Resources */ = {isa = PBXBuildFile; fileRef = 07815B7A19D10F93005C8347 /* scoreboard */; };
		07815B7E19D10F93005C8347 /* sounds in Resources */ = {isa = PBXBuildFile; fileRef = 07815B7B19D10F93005C8347 /* sounds */; };
		07815B7F19D10F93005C8347 /* tank in Resources */ = {isa = PBXBuildFile; fileRef = 07815B7C19D10F93005C8347 /* tank */; };
		07CE1EBA19C65B3100AB525D /* Black.png in Resources */ = {isa = PBXBuildFile; fileRef = 07CE1E1E19C65B3000AB525D /* Black.png */; };
		07CE1EBB19C65B3100AB525D /* Black.png in Resources */ = {isa = PBXBuildFile; fileRef = 07CE1E1E19C65B3000AB525D /* Black.png */; };
		07CE1EBC19C65B3100AB525D /* blast.plist in Resources */ = {isa = PBXBuildFile; fileRef = 07CE1E1F19C65B3000AB525D /* blast.plist */; };
		07CE1EBD19C65B3100AB525D /* blast.plist in Resources */ = {isa = PBXBuildFile; fileRef = 07CE1E1F19C65B3000AB525D /* blast.plist */; };
		07CE1EBE19C65B3100AB525D /* blast.png in Resources */ = {isa = PBXBuildFile; fileRef = 07CE1E2019C65B3000AB525D /* blast.png */; };
		07CE1EBF19C65B3100AB525D /* blast.png in Resources */ = {isa = PBXBuildFile; fileRef = 07CE1E2019C65B3000AB525D /* blast.png */; };
		07CE1EC019C65B3100AB525D /* blast.tps in Resources */ = {isa = PBXBuildFile; fileRef = 07CE1E2119C65B3000AB525D /* blast.tps */; };
		07CE1EC119C65B3100AB525D /* blast.tps in Resources */ = {isa = PBXBuildFile; fileRef = 07CE1E2119C65B3000AB525D /* blast.tps */; };
		07CE1ED019C65B3100AB525D /* item.plist in Resources */ = {isa = PBXBuildFile; fileRef = 07CE1E2B19C65B3000AB525D /* item.plist */; };
		07CE1ED119C65B3100AB525D /* item.plist in Resources */ = {isa = PBXBuildFile; fileRef = 07CE1E2B19C65B3000AB525D /* item.plist */; };
		07CE1ED219C65B3100AB525D /* item.png in Resources */ = {isa = PBXBuildFile; fileRef = 07CE1E2C19C65B3000AB525D /* item.png */; };
		07CE1ED319C65B3100AB525D /* item.png in Resources */ = {isa = PBXBuildFile; fileRef = 07CE1E2C19C65B3000AB525D /* item.png */; };
		07CE1ED419C65B3100AB525D /* item.tps in Resources */ = {isa = PBXBuildFile; fileRef = 07CE1E2D19C65B3000AB525D /* item.tps */; };
		07CE1ED519C65B3100AB525D /* item.tps in Resources */ = {isa = PBXBuildFile; fileRef = 07CE1E2D19C65B3000AB525D /* item.tps */; };
		07CE1EE819C65B3100AB525D /* over.png in Resources */ = {isa = PBXBuildFile; fileRef = 07CE1E3819C65B3000AB525D /* over.png */; };
		07CE1EE919C65B3100AB525D /* over.png in Resources */ = {isa = PBXBuildFile; fileRef = 07CE1E3819C65B3000AB525D /* over.png */; };
		07CE1F1619C65B3100AB525D /* playgameClose.png in Resources */ = {isa = PBXBuildFile; fileRef = 07CE1E5119C65B3000AB525D /* playgameClose.png */; };
		07CE1F1719C65B3100AB525D /* playgameClose.png in Resources */ = {isa = PBXBuildFile; fileRef = 07CE1E5119C65B3000AB525D /* playgameClose.png */; };
		07CE1F1819C65B3100AB525D /* playgameNormal.png in Resources */ = {isa = PBXBuildFile; fileRef = 07CE1E5219C65B3000AB525D /* playgameNormal.png */; };
		07CE1F1919C65B3100AB525D /* playgameNormal.png in Resources */ = {isa = PBXBuildFile; fileRef = 07CE1E5219C65B3000AB525D /* playgameNormal.png */; };
		07CE1F1A19C65B3100AB525D /* Round1 - 副本.tmx in Resources */ = {isa = PBXBuildFile; fileRef = 07CE1E5319C65B3000AB525D /* Round1 - 副本.tmx */; };
		07CE1F1B19C65B3100AB525D /* Round1 - 副本.tmx in Resources */ = {isa = PBXBuildFile; fileRef = 07CE1E5319C65B3000AB525D /* Round1 - 副本.tmx */; };
		07CE1F1C19C65B3100AB525D /* Round1.tmx in Resources */ = {isa = PBXBuildFile; fileRef = 07CE1E5419C65B3000AB525D /* Round1.tmx */; };
		07CE1F1D19C65B3100AB525D /* Round1.tmx in Resources */ = {isa = PBXBuildFile; fileRef = 07CE1E5419C65B3000AB525D /* Round1.tmx */; };
		07CE1F1E19C65B3100AB525D /* Round2.tmx in Resources */ = {isa = PBXBuildFile; fileRef = 07CE1E5519C65B3000AB525D /* Round2.tmx */; };
		07CE1F1F19C65B3100AB525D /* Round2.tmx in Resources */ = {isa = PBXBuildFile; fileRef = 07CE1E5519C65B3000AB525D /* Round2.tmx */; };
		07CE1F2019C65B3100AB525D /* Round3.tmx in Resources */ = {isa = PBXBuildFile; fileRef = 07CE1E5619C65B3000AB525D /* Round3.tmx */; };
		07CE1F2119C65B3100AB525D /* Round3.tmx in Resources */ = {isa = PBXBuildFile; fileRef = 07CE1E5619C65B3000AB525D /* Round3.tmx */; };
		07CE1F2219C65B3100AB525D /* Round4.tmx in Resources */ = {isa = PBXBuildFile; fileRef = 07CE1E5719C65B3000AB525D /* Round4.tmx */; };
		07CE1F2319C65B3100AB525D /* Round4.tmx in Resources */ = {isa = PBXBuildFile; fileRef = 07CE1E5719C65B3000AB525D /* Round4.tmx */; };
		07CE1F2419C65B3100AB525D /* Round5.tmx in Resources */ = {isa = PBXBuildFile; fileRef = 07CE1E5819C65B3000AB525D /* Round5.tmx */; };
		07CE1F2519C65B3100AB525D /* Round5.tmx in Resources */ = {isa = PBXBuildFile; fileRef = 07CE1E5819C65B3000AB525D /* Round5.tmx */; };
		07CE1F2619C65B3100AB525D /* Round6.tmx in Resources */ = {isa = PBXBuildFile; fileRef = 07CE1E5919C65B3000AB525D /* Round6.tmx */; };
		07CE1F2719C65B3100AB525D /* Round6.tmx in Resources */ = {isa = PBXBuildFile; fileRef = 07CE1E5919C65B3000AB525D /* Round6.tmx */; };
		07CE1F2819C65B3100AB525D /* Round7.tmx in Resources */ = {isa = PBXBuildFile; fileRef = 07CE1E5A19C65B3000AB525D /* Round7.tmx */; };
		07CE1F2919C65B3100AB525D /* Round7.tmx in Resources */ = {isa = PBXBuildFile; fileRef = 07CE1E5A19C65B3000AB525D /* Round7.tmx */; };
		07CE1F2A19C65B3100AB525D /* Round8.tmx in Resources */ = {isa = PBXBuildFile; fileRef = 07CE1E5B19C65B3000AB525D /* Round8.tmx */; };
		07CE1F2B19C65B3100AB525D /* Round8.tmx in Resources */ = {isa = PBXBuildFile; fileRef = 07CE1E5B19C65B3000AB525D /* Round8.tmx */; };
		07CE1F2C19C65B3100AB525D /* Round9.tmx in Resources */ = {isa = PBXBuildFile; fileRef = 07CE1E5C19C65B3000AB525D /* Round9.tmx */; };
		07CE1F2D19C65B3100AB525D /* Round9.tmx in Resources */ = {isa = PBXBuildFile; fileRef = 07CE1E5C19C65B3000AB525D /* Round9.tmx */; };
		07CE1F2E19C65B3100AB525D /* Round10.tmx in Resources */ = {isa = PBXBuildFile; fileRef = 07CE1E5D19C65B3000AB525D /* Round10.tmx */; };
		07CE1F2F19C65B3100AB525D /* Round10.tmx in Resources */ = {isa = PBXBuildFile; fileRef = 07CE1E5D19C65B3000AB525D /* Round10.tmx */; };
		07CE1F3019C65B3100AB525D /* Round11.tmx in Resources */ = {isa = PBXBuildFile; fileRef = 07CE1E5E19C65B3000AB525D /* Round11.tmx */; };
		07CE1F3119C65B3100AB525D /* Round11.tmx in Resources */ = {isa = PBXBuildFile; fileRef = 07CE1E5E19C65B3000AB525D /* Round11.tmx */; };
		07CE1F3219C65B3100AB525D /* Round12.tmx in Resources */ = {isa = PBXBuildFile; fileRef = 07CE1E5F19C65B3000AB525D /* Round12.tmx */; };
		07CE1F3319C65B3100AB525D /* Round12.tmx in Resources */ = {isa = PBXBuildFile; fileRef = 07CE1E5F19C65B3000AB525D /* Round12.tmx */; };
		07CE1F3419C65B3100AB525D /* Round13.tmx in Resources */ = {isa = PBXBuildFile; fileRef = 07CE1E6019C65B3000AB525D /* Round13.tmx */; };
		07CE1F3519C65B3100AB525D /* Round13.tmx in Resources */ = {isa = PBXBuildFile; fileRef = 07CE1E6019C65B3000AB525D /* Round13.tmx */; };
		07CE1F3619C65B3100AB525D /* Round14.tmx in Resources */ = {isa = PBXBuildFile; fileRef = 07CE1E6119C65B3000AB525D /* Round14.tmx */; };
		07CE1F3719C65B3100AB525D /* Round14.tmx in Resources */ = {isa = PBXBuildFile; fileRef = 07CE1E6119C65B3000AB525D /* Round14.tmx */; };
		07CE1F3819C65B3100AB525D /* Round15.tmx in Resources */ = {isa = PBXBuildFile; fileRef = 07CE1E6219C65B3100AB525D /* Round15.tmx */; };
		07CE1F3919C65B3100AB525D /* Round15.tmx in Resources */ = {isa = PBXBuildFile; fileRef = 07CE1E6219C65B3100AB525D /* Round15.tmx */; };
		07CE1F3A19C65B3100AB525D /* Round16.tmx in Resources */ = {isa = PBXBuildFile; fileRef = 07CE1E6319C65B3100AB525D /* Round16.tmx */; };
		07CE1F3B19C65B3100AB525D /* Round16.tmx in Resources */ = {isa = PBXBuildFile; fileRef = 07CE1E6319C65B3100AB525D /* Round16.tmx */; };
		07CE1F3C19C65B3100AB525D /* Round17.tmx in Resources */ = {isa = PBXBuildFile; fileRef = 07CE1E6419C65B3100AB525D /* Round17.tmx */; };
		07CE1F3D19C65B3100AB525D /* Round17.tmx in Resources */ = {isa = PBXBuildFile; fileRef = 07CE1E6419C65B3100AB525D /* Round17.tmx */; };
		07CE1F3E19C65B3100AB525D /* Round18.tmx in Resources */ = {isa = PBXBuildFile; fileRef = 07CE1E6519C65B3100AB525D /* Round18.tmx */; };
		07CE1F3F19C65B3100AB525D /* Round18.tmx in Resources */ = {isa = PBXBuildFile; fileRef = 07CE1E6519C65B3100AB525D /* Round18.tmx */; };
		07CE1F4019C65B3100AB525D /* Round19.tmx in Resources */ = {isa = PBXBuildFile; fileRef = 07CE1E6619C65B3100AB525D /* Round19.tmx */; };
		07CE1F4119C65B3100AB525D /* Round19.tmx in Resources */ = {isa = PBXBuildFile; fileRef = 07CE1E6619C65B3100AB525D /* Round19.tmx */; };
		07CE1F4219C65B3100AB525D /* Round20_ff.tmx in Resources */ = {isa = PBXBuildFile; fileRef = 07CE1E6719C65B3100AB525D /* Round20_ff.tmx */; };
		07CE1F4319C65B3100AB525D /* Round20_ff.tmx in Resources */ = {isa = PBXBuildFile; fileRef = 07CE1E6719C65B3100AB525D /* Round20_ff.tmx */; };
		07CE1F4419C65B3100AB525D /* Round20_round.tmx in Resources */ = {isa = PBXBuildFile; fileRef = 07CE1E6819C65B3100AB525D /* Round20_round.tmx */; };
		07CE1F4519C65B3100AB525D /* Round20_round.tmx in Resources */ = {isa = PBXBuildFile; fileRef = 07CE1E6819C65B3100AB525D /* Round20_round.tmx */; };
		07CE1F4619C65B3100AB525D /* Round20_true.tmx in Resources */ = {isa = PBXBuildFile; fileRef = 07CE1E6919C65B3100AB525D /* Round20_true.tmx */; };
		07CE1F4719C65B3100AB525D /* Round20_true.tmx in Resources */ = {isa = PBXBuildFile; fileRef = 07CE1E6919C65B3100AB525D /* Round20_true.tmx */; };
		07CE1F4819C65B3100AB525D /* Round20.tmx in Resources */ = {isa = PBXBuildFile; fileRef = 07CE1E6A19C65B3100AB525D /* Round20.tmx */; };
		07CE1F4919C65B3100AB525D /* Round20.tmx in Resources */ = {isa = PBXBuildFile; fileRef = 07CE1E6A19C65B3100AB525D /* Round20.tmx */; };
		07CE1F4A19C65B3100AB525D /* Roundex_frontfire.tmx in Resources */ = {isa = PBXBuildFile; fileRef = 07CE1E6B19C65B3100AB525D /* Roundex_frontfire.tmx */; };
		07CE1F4B19C65B3100AB525D /* Roundex_frontfire.tmx in Resources */ = {isa = PBXBuildFile; fileRef = 07CE1E6B19C65B3100AB525D /* Roundex_frontfire.tmx */; };
		07CE1F4C19C65B3100AB525D /* ScenceStart.png in Resources */ = {isa = PBXBuildFile; fileRef = 07CE1E6C19C65B3100AB525D /* ScenceStart.png */; };
		07CE1F4D19C65B3100AB525D /* ScenceStart.png in Resources */ = {isa = PBXBuildFile; fileRef = 07CE1E6C19C65B3100AB525D /* ScenceStart.png */; };
		07CE1FD219C65B3100AB525D /* tank.plist in Resources */ = {isa = PBXBuildFile; fileRef = 07CE1EB719C65B3100AB525D /* tank.plist */; };
		07CE1FD319C65B3100AB525D /* tank.plist in Resources */ = {isa = PBXBuildFile; fileRef = 07CE1EB719C65B3100AB525D /* tank.plist */; };
		07CE1FD419C65B3100AB525D /* tank.png in Resources */ = {isa = PBXBuildFile; fileRef = 07CE1EB819C65B3100AB525D /* tank.png */; };
		07CE1FD519C65B3100AB525D /* tank.png in Resources */ = {isa = PBXBuildFile; fileRef = 07CE1EB819C65B3100AB525D /* tank.png */; };
		07CE1FD619C65B3100AB525D /* tank.tps in Resources */ = {isa = PBXBuildFile; fileRef = 07CE1EB919C65B3100AB525D /* tank.tps */; };
		07CE1FD719C65B3100AB525D /* tank.tps in Resources */ = {isa = PBXBuildFile; fileRef = 07CE1EB919C65B3100AB525D /* tank.tps */; };
		07CE1FE019C6703300AB525D /* ChoiceScene.cpp in Sources */ = {isa = PBXBuildFile; fileRef = 07CE1FDE19C6703300AB525D /* ChoiceScene.cpp */; };
		07CE1FE119C6703300AB525D /* ChoiceScene.cpp in Sources */ = {isa = PBXBuildFile; fileRef = 07CE1FDE19C6703300AB525D /* ChoiceScene.cpp */; };
		07CE1FE419C6BD1600AB525D /* Tank.cpp in Sources */ = {isa = PBXBuildFile; fileRef = 07CE1FE219C6BD1600AB525D /* Tank.cpp */; };
		07CE1FE519C6BD1600AB525D /* Tank.cpp in Sources */ = {isa = PBXBuildFile; fileRef = 07CE1FE219C6BD1600AB525D /* Tank.cpp */; };
		07CE1FE819C6BE9C00AB525D /* TileMapInfo.cpp in Sources */ = {isa = PBXBuildFile; fileRef = 07CE1FE619C6BE9C00AB525D /* TileMapInfo.cpp */; };
		07CE1FE919C6BE9C00AB525D /* TileMapInfo.cpp in Sources */ = {isa = PBXBuildFile; fileRef = 07CE1FE619C6BE9C00AB525D /* TileMapInfo.cpp */; };
		07CE1FED19C6C7D500AB525D /* Bullet.cpp in Sources */ = {isa = PBXBuildFile; fileRef = 07CE1FEB19C6C7D500AB525D /* Bullet.cpp */; };
		07CE1FEE19C6C7D500AB525D /* Bullet.cpp in Sources */ = {isa = PBXBuildFile; fileRef = 07CE1FEB19C6C7D500AB525D /* Bullet.cpp */; };
		1AC6FB1F180E996B004C840B /* libbox2d Mac.a in Frameworks */ = {isa = PBXBuildFile; fileRef = 1AC6FAFF180E9839004C840B /* libbox2d Mac.a */; };
		1AC6FB20180E996B004C840B /* libchipmunk Mac.a in Frameworks */ = {isa = PBXBuildFile; fileRef = 1AC6FAFD180E9839004C840B /* libchipmunk Mac.a */; };
		1AC6FB21180E996B004C840B /* libcocos2dx Mac.a in Frameworks */ = {isa = PBXBuildFile; fileRef = 1AC6FAF9180E9839004C840B /* libcocos2dx Mac.a */; };
		1AC6FB22180E996B004C840B /* libcocos2dx-extensions Mac.a in Frameworks */ = {isa = PBXBuildFile; fileRef = 1AC6FAFB180E9839004C840B /* libcocos2dx-extensions Mac.a */; };
		1AC6FB23180E996B004C840B /* libCocosDenshion Mac.a in Frameworks */ = {isa = PBXBuildFile; fileRef = 1AC6FB01180E9839004C840B /* libCocosDenshion Mac.a */; };
		1AC6FB2E180E99EB004C840B /* libbox2d iOS.a in Frameworks */ = {isa = PBXBuildFile; fileRef = 1AC6FB0D180E9839004C840B /* libbox2d iOS.a */; };
		1AC6FB2F180E99EB004C840B /* libchipmunk iOS.a in Frameworks */ = {isa = PBXBuildFile; fileRef = 1AC6FB0B180E9839004C840B /* libchipmunk iOS.a */; };
		1AC6FB30180E99EB004C840B /* libcocos2dx iOS.a in Frameworks */ = {isa = PBXBuildFile; fileRef = 1AC6FB07180E9839004C840B /* libcocos2dx iOS.a */; };
		1AC6FB31180E99EB004C840B /* libcocos2dx-extensions iOS.a in Frameworks */ = {isa = PBXBuildFile; fileRef = 1AC6FB09180E9839004C840B /* libcocos2dx-extensions iOS.a */; };
		1AC6FB32180E99EB004C840B /* libCocosDenshion iOS.a in Frameworks */ = {isa = PBXBuildFile; fileRef = 1AC6FB0F180E9839004C840B /* libCocosDenshion iOS.a */; };
		1AFAF8B716D35DE700DB1158 /* AppDelegate.cpp in Sources */ = {isa = PBXBuildFile; fileRef = 1AFAF8B316D35DE700DB1158 /* AppDelegate.cpp */; };
		1AFAF8B816D35DE700DB1158 /* HelloWorldScene.cpp in Sources */ = {isa = PBXBuildFile; fileRef = 1AFAF8B516D35DE700DB1158 /* HelloWorldScene.cpp */; };
		1AFAF8BC16D35E4900DB1158 /* CloseNormal.png in Resources */ = {isa = PBXBuildFile; fileRef = 1AFAF8B916D35E4900DB1158 /* CloseNormal.png */; };
		1AFAF8BD16D35E4900DB1158 /* CloseSelected.png in Resources */ = {isa = PBXBuildFile; fileRef = 1AFAF8BA16D35E4900DB1158 /* CloseSelected.png */; };
		1D60589F0D05DD5A006BFB54 /* Foundation.framework in Frameworks */ = {isa = PBXBuildFile; fileRef = 1D30AB110D05D00D00671497 /* Foundation.framework */; };
		1DF5F4E00D08C38300B7A737 /* UIKit.framework in Frameworks */ = {isa = PBXBuildFile; fileRef = 1DF5F4DF0D08C38300B7A737 /* UIKit.framework */; };
		288765A50DF7441C002DB57D /* CoreGraphics.framework in Frameworks */ = {isa = PBXBuildFile; fileRef = 288765A40DF7441C002DB57D /* CoreGraphics.framework */; };
		503AE0F817EB97AB00D1A890 /* Icon.icns in Resources */ = {isa = PBXBuildFile; fileRef = 503AE0F617EB97AB00D1A890 /* Icon.icns */; };
		503AE10017EB989F00D1A890 /* AppController.mm in Sources */ = {isa = PBXBuildFile; fileRef = 503AE0FB17EB989F00D1A890 /* AppController.mm */; };
		503AE10117EB989F00D1A890 /* main.m in Sources */ = {isa = PBXBuildFile; fileRef = 503AE0FC17EB989F00D1A890 /* main.m */; };
		503AE10217EB989F00D1A890 /* RootViewController.mm in Sources */ = {isa = PBXBuildFile; fileRef = 503AE0FF17EB989F00D1A890 /* RootViewController.mm */; };
		503AE10517EB98FF00D1A890 /* main.cpp in Sources */ = {isa = PBXBuildFile; fileRef = 503AE10317EB98FF00D1A890 /* main.cpp */; };
		503AE11217EB99EE00D1A890 /* libcurl.dylib in Frameworks */ = {isa = PBXBuildFile; fileRef = 503AE11117EB99EE00D1A890 /* libcurl.dylib */; };
		503AE11B17EB9C5A00D1A890 /* IOKit.framework in Frameworks */ = {isa = PBXBuildFile; fileRef = 503AE11A17EB9C5A00D1A890 /* IOKit.framework */; };
		5087E75317EB910900C73F5D /* CloseNormal.png in Resources */ = {isa = PBXBuildFile; fileRef = 1AFAF8B916D35E4900DB1158 /* CloseNormal.png */; };
		5087E75417EB910900C73F5D /* CloseSelected.png in Resources */ = {isa = PBXBuildFile; fileRef = 1AFAF8BA16D35E4900DB1158 /* CloseSelected.png */; };
		5087E75717EB910900C73F5D /* AppDelegate.cpp in Sources */ = {isa = PBXBuildFile; fileRef = 1AFAF8B316D35DE700DB1158 /* AppDelegate.cpp */; };
		5087E75817EB910900C73F5D /* HelloWorldScene.cpp in Sources */ = {isa = PBXBuildFile; fileRef = 1AFAF8B516D35DE700DB1158 /* HelloWorldScene.cpp */; };
		5087E76317EB910900C73F5D /* Foundation.framework in Frameworks */ = {isa = PBXBuildFile; fileRef = 1D30AB110D05D00D00671497 /* Foundation.framework */; };
		5087E76517EB910900C73F5D /* CoreGraphics.framework in Frameworks */ = {isa = PBXBuildFile; fileRef = 288765A40DF7441C002DB57D /* CoreGraphics.framework */; };
		5087E76717EB910900C73F5D /* libz.dylib in Frameworks */ = {isa = PBXBuildFile; fileRef = BF170DB412928DE900B8313A /* libz.dylib */; };
		5087E76817EB910900C73F5D /* QuartzCore.framework in Frameworks */ = {isa = PBXBuildFile; fileRef = BF1C47EA1293683800B63C5D /* QuartzCore.framework */; };
		5087E76917EB910900C73F5D /* OpenAL.framework in Frameworks */ = {isa = PBXBuildFile; fileRef = D44C620B132DFF330009C878 /* OpenAL.framework */; };
		5087E76A17EB910900C73F5D /* AVFoundation.framework in Frameworks */ = {isa = PBXBuildFile; fileRef = D44C620D132DFF430009C878 /* AVFoundation.framework */; };
		5087E76B17EB910900C73F5D /* AudioToolbox.framework in Frameworks */ = {isa = PBXBuildFile; fileRef = D44C620F132DFF4E0009C878 /* AudioToolbox.framework */; };
		5087E77D17EB970100C73F5D /* Default-568h@2x.png in Resources */ = {isa = PBXBuildFile; fileRef = 5087E77217EB970100C73F5D /* Default-568h@2x.png */; };
		5087E77E17EB970100C73F5D /* Default.png in Resources */ = {isa = PBXBuildFile; fileRef = 5087E77317EB970100C73F5D /* Default.png */; };
		5087E77F17EB970100C73F5D /* Default@2x.png in Resources */ = {isa = PBXBuildFile; fileRef = 5087E77417EB970100C73F5D /* Default@2x.png */; };
		5087E78017EB970100C73F5D /* Icon-114.png in Resources */ = {isa = PBXBuildFile; fileRef = 5087E77517EB970100C73F5D /* Icon-114.png */; };
		5087E78117EB970100C73F5D /* Icon-120.png in Resources */ = {isa = PBXBuildFile; fileRef = 5087E77617EB970100C73F5D /* Icon-120.png */; };
		5087E78217EB970100C73F5D /* Icon-144.png in Resources */ = {isa = PBXBuildFile; fileRef = 5087E77717EB970100C73F5D /* Icon-144.png */; };
		5087E78317EB970100C73F5D /* Icon-152.png in Resources */ = {isa = PBXBuildFile; fileRef = 5087E77817EB970100C73F5D /* Icon-152.png */; };
		5087E78417EB970100C73F5D /* Icon-57.png in Resources */ = {isa = PBXBuildFile; fileRef = 5087E77917EB970100C73F5D /* Icon-57.png */; };
		5087E78517EB970100C73F5D /* Icon-72.png in Resources */ = {isa = PBXBuildFile; fileRef = 5087E77A17EB970100C73F5D /* Icon-72.png */; };
		5087E78617EB970100C73F5D /* Icon-76.png in Resources */ = {isa = PBXBuildFile; fileRef = 5087E77B17EB970100C73F5D /* Icon-76.png */; };
		5087E78917EB974C00C73F5D /* AppKit.framework in Frameworks */ = {isa = PBXBuildFile; fileRef = 5087E78817EB974C00C73F5D /* AppKit.framework */; };
		5087E78B17EB975400C73F5D /* OpenGL.framework in Frameworks */ = {isa = PBXBuildFile; fileRef = 5087E78A17EB975400C73F5D /* OpenGL.framework */; };
		50EF629617ECD46A001EB2F8 /* Icon-40.png in Resources */ = {isa = PBXBuildFile; fileRef = 50EF629217ECD46A001EB2F8 /* Icon-40.png */; };
		50EF629717ECD46A001EB2F8 /* Icon-58.png in Resources */ = {isa = PBXBuildFile; fileRef = 50EF629317ECD46A001EB2F8 /* Icon-58.png */; };
		50EF629817ECD46A001EB2F8 /* Icon-80.png in Resources */ = {isa = PBXBuildFile; fileRef = 50EF629417ECD46A001EB2F8 /* Icon-80.png */; };
		50EF629917ECD46A001EB2F8 /* Icon-100.png in Resources */ = {isa = PBXBuildFile; fileRef = 50EF629517ECD46A001EB2F8 /* Icon-100.png */; };
		50EF62A217ECD613001EB2F8 /* Icon-29.png in Resources */ = {isa = PBXBuildFile; fileRef = 50EF62A017ECD613001EB2F8 /* Icon-29.png */; };
		50EF62A317ECD613001EB2F8 /* Icon-50.png in Resources */ = {isa = PBXBuildFile; fileRef = 50EF62A117ECD613001EB2F8 /* Icon-50.png */; };
		BF171245129291EC00B8313A /* OpenGLES.framework in Frameworks */ = {isa = PBXBuildFile; fileRef = BF170DB012928DE900B8313A /* OpenGLES.framework */; };
		BF1712471292920000B8313A /* libz.dylib in Frameworks */ = {isa = PBXBuildFile; fileRef = BF170DB412928DE900B8313A /* libz.dylib */; };
		BF1C47F01293687400B63C5D /* QuartzCore.framework in Frameworks */ = {isa = PBXBuildFile; fileRef = BF1C47EA1293683800B63C5D /* QuartzCore.framework */; };
		D44C620C132DFF330009C878 /* OpenAL.framework in Frameworks */ = {isa = PBXBuildFile; fileRef = D44C620B132DFF330009C878 /* OpenAL.framework */; };
		D44C620E132DFF430009C878 /* AVFoundation.framework in Frameworks */ = {isa = PBXBuildFile; fileRef = D44C620D132DFF430009C878 /* AVFoundation.framework */; };
		D44C6210132DFF4E0009C878 /* AudioToolbox.framework in Frameworks */ = {isa = PBXBuildFile; fileRef = D44C620F132DFF4E0009C878 /* AudioToolbox.framework */; };
		D6B0611B1803AB670077942B /* CoreMotion.framework in Frameworks */ = {isa = PBXBuildFile; fileRef = D6B0611A1803AB670077942B /* CoreMotion.framework */; };
/* End PBXBuildFile section */

/* Begin PBXContainerItemProxy section */
		1AC6FAF8180E9839004C840B /* PBXContainerItemProxy */ = {
			isa = PBXContainerItemProxy;
			containerPortal = 1AC6FAE5180E9839004C840B /* cocos2d_libs.xcodeproj */;
			proxyType = 2;
			remoteGlobalIDString = 1551A33F158F2AB200E66CFE;
			remoteInfo = "cocos2dx Mac";
		};
		1AC6FAFA180E9839004C840B /* PBXContainerItemProxy */ = {
			isa = PBXContainerItemProxy;
			containerPortal = 1AC6FAE5180E9839004C840B /* cocos2d_libs.xcodeproj */;
			proxyType = 2;
			remoteGlobalIDString = A03F2FD617814595006731B9;
			remoteInfo = "cocos2dx-extensions Mac";
		};
		1AC6FAFC180E9839004C840B /* PBXContainerItemProxy */ = {
			isa = PBXContainerItemProxy;
			containerPortal = 1AC6FAE5180E9839004C840B /* cocos2d_libs.xcodeproj */;
			proxyType = 2;
			remoteGlobalIDString = A03F2CB81780BD04006731B9;
			remoteInfo = "chipmunk Mac";
		};
		1AC6FAFE180E9839004C840B /* PBXContainerItemProxy */ = {
			isa = PBXContainerItemProxy;
			containerPortal = 1AC6FAE5180E9839004C840B /* cocos2d_libs.xcodeproj */;
			proxyType = 2;
			remoteGlobalIDString = A03F2D9B1780BDF7006731B9;
			remoteInfo = "box2d Mac";
		};
		1AC6FB00180E9839004C840B /* PBXContainerItemProxy */ = {
			isa = PBXContainerItemProxy;
			containerPortal = 1AC6FAE5180E9839004C840B /* cocos2d_libs.xcodeproj */;
			proxyType = 2;
			remoteGlobalIDString = A03F2ED617814268006731B9;
			remoteInfo = "CocosDenshion Mac";
		};
		1AC6FB06180E9839004C840B /* PBXContainerItemProxy */ = {
			isa = PBXContainerItemProxy;
			containerPortal = 1AC6FAE5180E9839004C840B /* cocos2d_libs.xcodeproj */;
			proxyType = 2;
			remoteGlobalIDString = A07A4D641783777C0073F6A7;
			remoteInfo = "cocos2dx iOS";
		};
		1AC6FB08180E9839004C840B /* PBXContainerItemProxy */ = {
			isa = PBXContainerItemProxy;
			containerPortal = 1AC6FAE5180E9839004C840B /* cocos2d_libs.xcodeproj */;
			proxyType = 2;
			remoteGlobalIDString = A07A4EFC1783867C0073F6A7;
			remoteInfo = "cocos2dx-extensions iOS";
		};
		1AC6FB0A180E9839004C840B /* PBXContainerItemProxy */ = {
			isa = PBXContainerItemProxy;
			containerPortal = 1AC6FAE5180E9839004C840B /* cocos2d_libs.xcodeproj */;
			proxyType = 2;
			remoteGlobalIDString = A07A4F3B178387670073F6A7;
			remoteInfo = "chipmunk iOS";
		};
		1AC6FB0C180E9839004C840B /* PBXContainerItemProxy */ = {
			isa = PBXContainerItemProxy;
			containerPortal = 1AC6FAE5180E9839004C840B /* cocos2d_libs.xcodeproj */;
			proxyType = 2;
			remoteGlobalIDString = A07A4F9E1783876B0073F6A7;
			remoteInfo = "box2d iOS";
		};
		1AC6FB0E180E9839004C840B /* PBXContainerItemProxy */ = {
			isa = PBXContainerItemProxy;
			containerPortal = 1AC6FAE5180E9839004C840B /* cocos2d_libs.xcodeproj */;
			proxyType = 2;
			remoteGlobalIDString = A07A4FB4178387730073F6A7;
			remoteInfo = "CocosDenshion iOS";
		};
		1AC6FB15180E9959004C840B /* PBXContainerItemProxy */ = {
			isa = PBXContainerItemProxy;
			containerPortal = 1AC6FAE5180E9839004C840B /* cocos2d_libs.xcodeproj */;
			proxyType = 1;
			remoteGlobalIDString = 1551A33E158F2AB200E66CFE;
			remoteInfo = "cocos2dx Mac";
		};
		1AC6FB17180E9959004C840B /* PBXContainerItemProxy */ = {
			isa = PBXContainerItemProxy;
			containerPortal = 1AC6FAE5180E9839004C840B /* cocos2d_libs.xcodeproj */;
			proxyType = 1;
			remoteGlobalIDString = A03F2FC117814595006731B9;
			remoteInfo = "cocos2dx-extensions Mac";
		};
		1AC6FB19180E9959004C840B /* PBXContainerItemProxy */ = {
			isa = PBXContainerItemProxy;
			containerPortal = 1AC6FAE5180E9839004C840B /* cocos2d_libs.xcodeproj */;
			proxyType = 1;
			remoteGlobalIDString = A03F2B781780BD04006731B9;
			remoteInfo = "chipmunk Mac";
		};
		1AC6FB1B180E9959004C840B /* PBXContainerItemProxy */ = {
			isa = PBXContainerItemProxy;
			containerPortal = 1AC6FAE5180E9839004C840B /* cocos2d_libs.xcodeproj */;
			proxyType = 1;
			remoteGlobalIDString = A03F2E9817814268006731B9;
			remoteInfo = "CocosDenshion Mac";
		};
		1AC6FB1D180E9963004C840B /* PBXContainerItemProxy */ = {
			isa = PBXContainerItemProxy;
			containerPortal = 1AC6FAE5180E9839004C840B /* cocos2d_libs.xcodeproj */;
			proxyType = 1;
			remoteGlobalIDString = A03F2D5D1780BDF7006731B9;
			remoteInfo = "box2d Mac";
		};
		1AC6FB24180E99E1004C840B /* PBXContainerItemProxy */ = {
			isa = PBXContainerItemProxy;
			containerPortal = 1AC6FAE5180E9839004C840B /* cocos2d_libs.xcodeproj */;
			proxyType = 1;
			remoteGlobalIDString = A07A4C241783777C0073F6A7;
			remoteInfo = "cocos2dx iOS";
		};
		1AC6FB26180E99E1004C840B /* PBXContainerItemProxy */ = {
			isa = PBXContainerItemProxy;
			containerPortal = 1AC6FAE5180E9839004C840B /* cocos2d_libs.xcodeproj */;
			proxyType = 1;
			remoteGlobalIDString = A07A4E111783867C0073F6A7;
			remoteInfo = "cocos2dx-extensions iOS";
		};
		1AC6FB28180E99E1004C840B /* PBXContainerItemProxy */ = {
			isa = PBXContainerItemProxy;
			containerPortal = 1AC6FAE5180E9839004C840B /* cocos2d_libs.xcodeproj */;
			proxyType = 1;
			remoteGlobalIDString = A07A4EFD178387670073F6A7;
			remoteInfo = "chipmunk iOS";
		};
		1AC6FB2A180E99E1004C840B /* PBXContainerItemProxy */ = {
			isa = PBXContainerItemProxy;
			containerPortal = 1AC6FAE5180E9839004C840B /* cocos2d_libs.xcodeproj */;
			proxyType = 1;
			remoteGlobalIDString = A07A4F3C1783876B0073F6A7;
			remoteInfo = "box2d iOS";
		};
		1AC6FB2C180E99E1004C840B /* PBXContainerItemProxy */ = {
			isa = PBXContainerItemProxy;
			containerPortal = 1AC6FAE5180E9839004C840B /* cocos2d_libs.xcodeproj */;
			proxyType = 1;
			remoteGlobalIDString = A07A4F9F178387730073F6A7;
			remoteInfo = "CocosDenshion iOS";
		};
/* End PBXContainerItemProxy section */

/* Begin PBXFileReference section */
		070C14EC19CAB5FD00EA4705 /* CityScene.cpp */ = {isa = PBXFileReference; fileEncoding = 4; lastKnownFileType = sourcecode.cpp.cpp; name = CityScene.cpp; path = ../Classes/CityScene.cpp; sourceTree = "<group>"; };
		070C14ED19CAB5FD00EA4705 /* CityScene.h */ = {isa = PBXFileReference; fileEncoding = 4; lastKnownFileType = sourcecode.c.h; name = CityScene.h; path = ../Classes/CityScene.h; sourceTree = "<group>"; };
		070C14F419CB9DE000EA4705 /* Panel.cpp */ = {isa = PBXFileReference; fileEncoding = 4; lastKnownFileType = sourcecode.cpp.cpp; name = Panel.cpp; path = ../Classes/Panel.cpp; sourceTree = "<group>"; };
		070C14F519CB9DE100EA4705 /* Panel.h */ = {isa = PBXFileReference; fileEncoding = 4; lastKnownFileType = sourcecode.c.h; name = Panel.h; path = ../Classes/Panel.h; sourceTree = "<group>"; };
		07173AB619C7BEED00A138CC /* Paddle.cpp */ = {isa = PBXFileReference; fileEncoding = 4; lastKnownFileType = sourcecode.cpp.cpp; name = Paddle.cpp; path = ../Classes/Paddle.cpp; sourceTree = "<group>"; };
		07173AB719C7BEED00A138CC /* Paddle.h */ = {isa = PBXFileReference; fileEncoding = 4; lastKnownFileType = sourcecode.c.h; name = Paddle.h; path = ../Classes/Paddle.h; sourceTree = "<group>"; };
		07815B6919CFDDE2005C8347 /* paddle */ = {isa = PBXFileReference; lastKnownFileType = folder; path = paddle; sourceTree = "<group>"; };
		07815B6C19CFDE01005C8347 /* fonts */ = {isa = PBXFileReference; lastKnownFileType = folder; path = fonts; sourceTree = "<group>"; };
		07815B6F19D00D88005C8347 /* MyPaddle.cpp */ = {isa = PBXFileReference; fileEncoding = 4; lastKnownFileType = sourcecode.cpp.cpp; name = MyPaddle.cpp; path = ../Classes/MyPaddle.cpp; sourceTree = "<group>"; };
		07815B7019D00D88005C8347 /* MyPaddle.h */ = {isa = PBXFileReference; fileEncoding = 4; lastKnownFileType = sourcecode.c.h; name = MyPaddle.h; path = ../Classes/MyPaddle.h; sourceTree = "<group>"; };
		07815B7419D10F6B005C8347 /* item */ = {isa = PBXFileReference; lastKnownFileType = folder; path = item; sourceTree = "<group>"; };
		07815B7519D10F6B005C8347 /* landform */ = {isa = PBXFileReference; lastKnownFileType = folder; path = landform; sourceTree = "<group>"; };
		07815B7A19D10F93005C8347 /* scoreboard */ = {isa = PBXFileReference; lastKnownFileType = folder; path = scoreboard; sourceTree = "<group>"; };
		07815B7B19D10F93005C8347 /* sounds */ = {isa = PBXFileReference; lastKnownFileType = folder; path = sounds; sourceTree = "<group>"; };
		07815B7C19D10F93005C8347 /* tank */ = {isa = PBXFileReference; lastKnownFileType = folder; path = tank; sourceTree = "<group>"; };
		07CE1E1E19C65B3000AB525D /* Black.png */ = {isa = PBXFileReference; lastKnownFileType = image.png; path = Black.png; sourceTree = "<group>"; };
		07CE1E1F19C65B3000AB525D /* blast.plist */ = {isa = PBXFileReference; fileEncoding = 4; lastKnownFileType = text.plist.xml; path = blast.plist; sourceTree = "<group>"; };
		07CE1E2019C65B3000AB525D /* blast.png */ = {isa = PBXFileReference; lastKnownFileType = image.png; path = blast.png; sourceTree = "<group>"; };
		07CE1E2119C65B3000AB525D /* blast.tps */ = {isa = PBXFileReference; fileEncoding = 4; lastKnownFileType = text.xml; path = blast.tps; sourceTree = "<group>"; };
		07CE1E2B19C65B3000AB525D /* item.plist */ = {isa = PBXFileReference; fileEncoding = 4; lastKnownFileType = text.plist.xml; path = item.plist; sourceTree = "<group>"; };
		07CE1E2C19C65B3000AB525D /* item.png */ = {isa = PBXFileReference; lastKnownFileType = image.png; path = item.png; sourceTree = "<group>"; };
		07CE1E2D19C65B3000AB525D /* item.tps */ = {isa = PBXFileReference; lastKnownFileType = file; path = item.tps; sourceTree = "<group>"; };
		07CE1E3819C65B3000AB525D /* over.png */ = {isa = PBXFileReference; lastKnownFileType = image.png; path = over.png; sourceTree = "<group>"; };
		07CE1E5119C65B3000AB525D /* playgameClose.png */ = {isa = PBXFileReference; lastKnownFileType = image.png; path = playgameClose.png; sourceTree = "<group>"; };
		07CE1E5219C65B3000AB525D /* playgameNormal.png */ = {isa = PBXFileReference; lastKnownFileType = image.png; path = playgameNormal.png; sourceTree = "<group>"; };
		07CE1E5319C65B3000AB525D /* Round1 - 副本.tmx */ = {isa = PBXFileReference; fileEncoding = 4; lastKnownFileType = text.xml; path = "Round1 - 副本.tmx"; sourceTree = "<group>"; };
		07CE1E5419C65B3000AB525D /* Round1.tmx */ = {isa = PBXFileReference; fileEncoding = 4; lastKnownFileType = text.xml; path = Round1.tmx; sourceTree = "<group>"; };
		07CE1E5519C65B3000AB525D /* Round2.tmx */ = {isa = PBXFileReference; fileEncoding = 4; lastKnownFileType = text.xml; path = Round2.tmx; sourceTree = "<group>"; };
		07CE1E5619C65B3000AB525D /* Round3.tmx */ = {isa = PBXFileReference; fileEncoding = 4; lastKnownFileType = text.xml; path = Round3.tmx; sourceTree = "<group>"; };
		07CE1E5719C65B3000AB525D /* Round4.tmx */ = {isa = PBXFileReference; fileEncoding = 4; lastKnownFileType = text.xml; path = Round4.tmx; sourceTree = "<group>"; };
		07CE1E5819C65B3000AB525D /* Round5.tmx */ = {isa = PBXFileReference; fileEncoding = 4; lastKnownFileType = text.xml; path = Round5.tmx; sourceTree = "<group>"; };
		07CE1E5919C65B3000AB525D /* Round6.tmx */ = {isa = PBXFileReference; fileEncoding = 4; lastKnownFileType = text.xml; path = Round6.tmx; sourceTree = "<group>"; };
		07CE1E5A19C65B3000AB525D /* Round7.tmx */ = {isa = PBXFileReference; fileEncoding = 4; lastKnownFileType = text.xml; path = Round7.tmx; sourceTree = "<group>"; };
		07CE1E5B19C65B3000AB525D /* Round8.tmx */ = {isa = PBXFileReference; fileEncoding = 4; lastKnownFileType = text.xml; path = Round8.tmx; sourceTree = "<group>"; };
		07CE1E5C19C65B3000AB525D /* Round9.tmx */ = {isa = PBXFileReference; fileEncoding = 4; lastKnownFileType = text.xml; path = Round9.tmx; sourceTree = "<group>"; };
		07CE1E5D19C65B3000AB525D /* Round10.tmx */ = {isa = PBXFileReference; fileEncoding = 4; lastKnownFileType = text.xml; path = Round10.tmx; sourceTree = "<group>"; };
		07CE1E5E19C65B3000AB525D /* Round11.tmx */ = {isa = PBXFileReference; fileEncoding = 4; lastKnownFileType = text.xml; path = Round11.tmx; sourceTree = "<group>"; };
		07CE1E5F19C65B3000AB525D /* Round12.tmx */ = {isa = PBXFileReference; fileEncoding = 4; lastKnownFileType = text.xml; path = Round12.tmx; sourceTree = "<group>"; };
		07CE1E6019C65B3000AB525D /* Round13.tmx */ = {isa = PBXFileReference; fileEncoding = 4; lastKnownFileType = text.xml; path = Round13.tmx; sourceTree = "<group>"; };
		07CE1E6119C65B3000AB525D /* Round14.tmx */ = {isa = PBXFileReference; fileEncoding = 4; lastKnownFileType = text.xml; path = Round14.tmx; sourceTree = "<group>"; };
		07CE1E6219C65B3100AB525D /* Round15.tmx */ = {isa = PBXFileReference; fileEncoding = 4; lastKnownFileType = text.xml; path = Round15.tmx; sourceTree = "<group>"; };
		07CE1E6319C65B3100AB525D /* Round16.tmx */ = {isa = PBXFileReference; fileEncoding = 4; lastKnownFileType = text.xml; path = Round16.tmx; sourceTree = "<group>"; };
		07CE1E6419C65B3100AB525D /* Round17.tmx */ = {isa = PBXFileReference; fileEncoding = 4; lastKnownFileType = text.xml; path = Round17.tmx; sourceTree = "<group>"; };
		07CE1E6519C65B3100AB525D /* Round18.tmx */ = {isa = PBXFileReference; fileEncoding = 4; lastKnownFileType = text.xml; path = Round18.tmx; sourceTree = "<group>"; };
		07CE1E6619C65B3100AB525D /* Round19.tmx */ = {isa = PBXFileReference; fileEncoding = 4; lastKnownFileType = text.xml; path = Round19.tmx; sourceTree = "<group>"; };
		07CE1E6719C65B3100AB525D /* Round20_ff.tmx */ = {isa = PBXFileReference; fileEncoding = 4; lastKnownFileType = text.xml; path = Round20_ff.tmx; sourceTree = "<group>"; };
		07CE1E6819C65B3100AB525D /* Round20_round.tmx */ = {isa = PBXFileReference; fileEncoding = 4; lastKnownFileType = text.xml; path = Round20_round.tmx; sourceTree = "<group>"; };
		07CE1E6919C65B3100AB525D /* Round20_true.tmx */ = {isa = PBXFileReference; fileEncoding = 4; lastKnownFileType = text.xml; path = Round20_true.tmx; sourceTree = "<group>"; };
		07CE1E6A19C65B3100AB525D /* Round20.tmx */ = {isa = PBXFileReference; fileEncoding = 4; lastKnownFileType = text.xml; path = Round20.tmx; sourceTree = "<group>"; };
		07CE1E6B19C65B3100AB525D /* Roundex_frontfire.tmx */ = {isa = PBXFileReference; fileEncoding = 4; lastKnownFileType = text.xml; path = Roundex_frontfire.tmx; sourceTree = "<group>"; };
		07CE1E6C19C65B3100AB525D /* ScenceStart.png */ = {isa = PBXFileReference; lastKnownFileType = image.png; path = ScenceStart.png; sourceTree = "<group>"; };
		07CE1EB719C65B3100AB525D /* tank.plist */ = {isa = PBXFileReference; fileEncoding = 4; lastKnownFileType = text.plist.xml; path = tank.plist; sourceTree = "<group>"; };
		07CE1EB819C65B3100AB525D /* tank.png */ = {isa = PBXFileReference; lastKnownFileType = image.png; path = tank.png; sourceTree = "<group>"; };
		07CE1EB919C65B3100AB525D /* tank.tps */ = {isa = PBXFileReference; lastKnownFileType = file; path = tank.tps; sourceTree = "<group>"; };
		07CE1FDE19C6703300AB525D /* ChoiceScene.cpp */ = {isa = PBXFileReference; fileEncoding = 4; lastKnownFileType = sourcecode.cpp.cpp; path = ChoiceScene.cpp; sourceTree = "<group>"; };
		07CE1FDF19C6703300AB525D /* ChoiceScene.h */ = {isa = PBXFileReference; fileEncoding = 4; lastKnownFileType = sourcecode.c.h; path = ChoiceScene.h; sourceTree = "<group>"; };
		07CE1FE219C6BD1600AB525D /* Tank.cpp */ = {isa = PBXFileReference; fileEncoding = 4; lastKnownFileType = sourcecode.cpp.cpp; path = Tank.cpp; sourceTree = "<group>"; };
		07CE1FE319C6BD1600AB525D /* Tank.h */ = {isa = PBXFileReference; fileEncoding = 4; lastKnownFileType = sourcecode.c.h; path = Tank.h; sourceTree = "<group>"; };
		07CE1FE619C6BE9C00AB525D /* TileMapInfo.cpp */ = {isa = PBXFileReference; fileEncoding = 4; lastKnownFileType = sourcecode.cpp.cpp; path = TileMapInfo.cpp; sourceTree = "<group>"; };
		07CE1FE719C6BE9C00AB525D /* TileMapInfo.h */ = {isa = PBXFileReference; fileEncoding = 4; lastKnownFileType = sourcecode.c.h; path = TileMapInfo.h; sourceTree = "<group>"; };
		07CE1FEA19C6C63600AB525D /* CommonValue.h */ = {isa = PBXFileReference; fileEncoding = 4; lastKnownFileType = sourcecode.c.h; path = CommonValue.h; sourceTree = "<group>"; };
		07CE1FEB19C6C7D500AB525D /* Bullet.cpp */ = {isa = PBXFileReference; fileEncoding = 4; lastKnownFileType = sourcecode.cpp.cpp; path = Bullet.cpp; sourceTree = "<group>"; };
		07CE1FEC19C6C7D500AB525D /* Bullet.h */ = {isa = PBXFileReference; fileEncoding = 4; lastKnownFileType = sourcecode.c.h; path = Bullet.h; sourceTree = "<group>"; };
		1AC6FAE5180E9839004C840B /* cocos2d_libs.xcodeproj */ = {isa = PBXFileReference; lastKnownFileType = "wrapper.pb-project"; name = cocos2d_libs.xcodeproj; path = ../cocos2d/build/cocos2d_libs.xcodeproj; sourceTree = "<group>"; };
		1ACB3243164770DE00914215 /* libcurl.a */ = {isa = PBXFileReference; lastKnownFileType = archive.ar; name = libcurl.a; path = ../../cocos2dx/platform/third_party/ios/libraries/libcurl.a; sourceTree = "<group>"; };
		1AFAF8B316D35DE700DB1158 /* AppDelegate.cpp */ = {isa = PBXFileReference; fileEncoding = 4; lastKnownFileType = sourcecode.cpp.cpp; name = AppDelegate.cpp; path = ../Classes/AppDelegate.cpp; sourceTree = "<group>"; };
		1AFAF8B416D35DE700DB1158 /* AppDelegate.h */ = {isa = PBXFileReference; fileEncoding = 4; lastKnownFileType = sourcecode.c.h; name = AppDelegate.h; path = ../Classes/AppDelegate.h; sourceTree = "<group>"; };
		1AFAF8B516D35DE700DB1158 /* HelloWorldScene.cpp */ = {isa = PBXFileReference; fileEncoding = 4; lastKnownFileType = sourcecode.cpp.cpp; name = HelloWorldScene.cpp; path = ../Classes/HelloWorldScene.cpp; sourceTree = "<group>"; };
		1AFAF8B616D35DE700DB1158 /* HelloWorldScene.h */ = {isa = PBXFileReference; fileEncoding = 4; lastKnownFileType = sourcecode.c.h; name = HelloWorldScene.h; path = ../Classes/HelloWorldScene.h; sourceTree = "<group>"; };
		1AFAF8B916D35E4900DB1158 /* CloseNormal.png */ = {isa = PBXFileReference; lastKnownFileType = image.png; path = CloseNormal.png; sourceTree = "<group>"; };
		1AFAF8BA16D35E4900DB1158 /* CloseSelected.png */ = {isa = PBXFileReference; lastKnownFileType = image.png; path = CloseSelected.png; sourceTree = "<group>"; };
		1D30AB110D05D00D00671497 /* Foundation.framework */ = {isa = PBXFileReference; lastKnownFileType = wrapper.framework; name = Foundation.framework; path = System/Library/Frameworks/Foundation.framework; sourceTree = SDKROOT; };
		1D6058910D05DD3D006BFB54 /* TanksWar iOS.app */ = {isa = PBXFileReference; explicitFileType = wrapper.application; includeInIndex = 0; path = "TanksWar iOS.app"; sourceTree = BUILT_PRODUCTS_DIR; };
		1DF5F4DF0D08C38300B7A737 /* UIKit.framework */ = {isa = PBXFileReference; lastKnownFileType = wrapper.framework; name = UIKit.framework; path = System/Library/Frameworks/UIKit.framework; sourceTree = SDKROOT; };
		288765A40DF7441C002DB57D /* CoreGraphics.framework */ = {isa = PBXFileReference; lastKnownFileType = wrapper.framework; name = CoreGraphics.framework; path = System/Library/Frameworks/CoreGraphics.framework; sourceTree = SDKROOT; };
		503AE0F617EB97AB00D1A890 /* Icon.icns */ = {isa = PBXFileReference; lastKnownFileType = image.icns; path = Icon.icns; sourceTree = "<group>"; };
		503AE0F717EB97AB00D1A890 /* Info.plist */ = {isa = PBXFileReference; fileEncoding = 4; lastKnownFileType = text.plist.xml; path = Info.plist; sourceTree = "<group>"; };
		503AE0FA17EB989F00D1A890 /* AppController.h */ = {isa = PBXFileReference; fileEncoding = 4; lastKnownFileType = sourcecode.c.h; name = AppController.h; path = ios/AppController.h; sourceTree = SOURCE_ROOT; };
		503AE0FB17EB989F00D1A890 /* AppController.mm */ = {isa = PBXFileReference; fileEncoding = 4; lastKnownFileType = sourcecode.cpp.objcpp; name = AppController.mm; path = ios/AppController.mm; sourceTree = SOURCE_ROOT; };
		503AE0FC17EB989F00D1A890 /* main.m */ = {isa = PBXFileReference; fileEncoding = 4; lastKnownFileType = sourcecode.c.objc; name = main.m; path = ios/main.m; sourceTree = SOURCE_ROOT; };
		503AE0FD17EB989F00D1A890 /* Prefix.pch */ = {isa = PBXFileReference; fileEncoding = 4; lastKnownFileType = sourcecode.c.h; name = Prefix.pch; path = ios/Prefix.pch; sourceTree = SOURCE_ROOT; };
		503AE0FE17EB989F00D1A890 /* RootViewController.h */ = {isa = PBXFileReference; fileEncoding = 4; lastKnownFileType = sourcecode.c.h; name = RootViewController.h; path = ios/RootViewController.h; sourceTree = SOURCE_ROOT; };
		503AE0FF17EB989F00D1A890 /* RootViewController.mm */ = {isa = PBXFileReference; fileEncoding = 4; lastKnownFileType = sourcecode.cpp.objcpp; name = RootViewController.mm; path = ios/RootViewController.mm; sourceTree = SOURCE_ROOT; };
		503AE10317EB98FF00D1A890 /* main.cpp */ = {isa = PBXFileReference; fileEncoding = 4; lastKnownFileType = sourcecode.cpp.cpp; name = main.cpp; path = mac/main.cpp; sourceTree = "<group>"; };
		503AE10417EB98FF00D1A890 /* Prefix.pch */ = {isa = PBXFileReference; fileEncoding = 4; lastKnownFileType = sourcecode.c.h; name = Prefix.pch; path = mac/Prefix.pch; sourceTree = "<group>"; };
		503AE11117EB99EE00D1A890 /* libcurl.dylib */ = {isa = PBXFileReference; lastKnownFileType = "compiled.mach-o.dylib"; name = libcurl.dylib; path = usr/lib/libcurl.dylib; sourceTree = SDKROOT; };
		503AE11A17EB9C5A00D1A890 /* IOKit.framework */ = {isa = PBXFileReference; lastKnownFileType = wrapper.framework; name = IOKit.framework; path = System/Library/Frameworks/IOKit.framework; sourceTree = SDKROOT; };
		5087E76F17EB910900C73F5D /* TanksWar Mac.app */ = {isa = PBXFileReference; explicitFileType = wrapper.application; includeInIndex = 0; path = "TanksWar Mac.app"; sourceTree = BUILT_PRODUCTS_DIR; };
		5087E77217EB970100C73F5D /* Default-568h@2x.png */ = {isa = PBXFileReference; lastKnownFileType = image.png; path = "Default-568h@2x.png"; sourceTree = "<group>"; };
		5087E77317EB970100C73F5D /* Default.png */ = {isa = PBXFileReference; lastKnownFileType = image.png; path = Default.png; sourceTree = "<group>"; };
		5087E77417EB970100C73F5D /* Default@2x.png */ = {isa = PBXFileReference; lastKnownFileType = image.png; path = "Default@2x.png"; sourceTree = "<group>"; };
		5087E77517EB970100C73F5D /* Icon-114.png */ = {isa = PBXFileReference; lastKnownFileType = image.png; path = "Icon-114.png"; sourceTree = "<group>"; };
		5087E77617EB970100C73F5D /* Icon-120.png */ = {isa = PBXFileReference; lastKnownFileType = image.png; path = "Icon-120.png"; sourceTree = "<group>"; };
		5087E77717EB970100C73F5D /* Icon-144.png */ = {isa = PBXFileReference; lastKnownFileType = image.png; path = "Icon-144.png"; sourceTree = "<group>"; };
		5087E77817EB970100C73F5D /* Icon-152.png */ = {isa = PBXFileReference; lastKnownFileType = image.png; path = "Icon-152.png"; sourceTree = "<group>"; };
		5087E77917EB970100C73F5D /* Icon-57.png */ = {isa = PBXFileReference; lastKnownFileType = image.png; path = "Icon-57.png"; sourceTree = "<group>"; };
		5087E77A17EB970100C73F5D /* Icon-72.png */ = {isa = PBXFileReference; lastKnownFileType = image.png; path = "Icon-72.png"; sourceTree = "<group>"; };
		5087E77B17EB970100C73F5D /* Icon-76.png */ = {isa = PBXFileReference; lastKnownFileType = image.png; path = "Icon-76.png"; sourceTree = "<group>"; };
		5087E77C17EB970100C73F5D /* Info.plist */ = {isa = PBXFileReference; fileEncoding = 4; lastKnownFileType = text.plist.xml; path = Info.plist; sourceTree = "<group>"; };
		5087E78817EB974C00C73F5D /* AppKit.framework */ = {isa = PBXFileReference; lastKnownFileType = wrapper.framework; name = AppKit.framework; path = System/Library/Frameworks/AppKit.framework; sourceTree = SDKROOT; };
		5087E78A17EB975400C73F5D /* OpenGL.framework */ = {isa = PBXFileReference; lastKnownFileType = wrapper.framework; name = OpenGL.framework; path = System/Library/Frameworks/OpenGL.framework; sourceTree = SDKROOT; };
		50EF629217ECD46A001EB2F8 /* Icon-40.png */ = {isa = PBXFileReference; lastKnownFileType = image.png; path = "Icon-40.png"; sourceTree = "<group>"; };
		50EF629317ECD46A001EB2F8 /* Icon-58.png */ = {isa = PBXFileReference; lastKnownFileType = image.png; path = "Icon-58.png"; sourceTree = "<group>"; };
		50EF629417ECD46A001EB2F8 /* Icon-80.png */ = {isa = PBXFileReference; lastKnownFileType = image.png; path = "Icon-80.png"; sourceTree = "<group>"; };
		50EF629517ECD46A001EB2F8 /* Icon-100.png */ = {isa = PBXFileReference; lastKnownFileType = image.png; path = "Icon-100.png"; sourceTree = "<group>"; };
		50EF62A017ECD613001EB2F8 /* Icon-29.png */ = {isa = PBXFileReference; lastKnownFileType = image.png; path = "Icon-29.png"; sourceTree = "<group>"; };
		50EF62A117ECD613001EB2F8 /* Icon-50.png */ = {isa = PBXFileReference; lastKnownFileType = image.png; path = "Icon-50.png"; sourceTree = "<group>"; };
		BF170DB012928DE900B8313A /* OpenGLES.framework */ = {isa = PBXFileReference; lastKnownFileType = wrapper.framework; name = OpenGLES.framework; path = System/Library/Frameworks/OpenGLES.framework; sourceTree = SDKROOT; };
		BF170DB412928DE900B8313A /* libz.dylib */ = {isa = PBXFileReference; lastKnownFileType = "compiled.mach-o.dylib"; name = libz.dylib; path = usr/lib/libz.dylib; sourceTree = SDKROOT; };
		BF1C47EA1293683800B63C5D /* QuartzCore.framework */ = {isa = PBXFileReference; lastKnownFileType = wrapper.framework; name = QuartzCore.framework; path = System/Library/Frameworks/QuartzCore.framework; sourceTree = SDKROOT; };
		D44C620B132DFF330009C878 /* OpenAL.framework */ = {isa = PBXFileReference; lastKnownFileType = wrapper.framework; name = OpenAL.framework; path = System/Library/Frameworks/OpenAL.framework; sourceTree = SDKROOT; };
		D44C620D132DFF430009C878 /* AVFoundation.framework */ = {isa = PBXFileReference; lastKnownFileType = wrapper.framework; name = AVFoundation.framework; path = System/Library/Frameworks/AVFoundation.framework; sourceTree = SDKROOT; };
		D44C620F132DFF4E0009C878 /* AudioToolbox.framework */ = {isa = PBXFileReference; lastKnownFileType = wrapper.framework; name = AudioToolbox.framework; path = System/Library/Frameworks/AudioToolbox.framework; sourceTree = SDKROOT; };
		D6B0611A1803AB670077942B /* CoreMotion.framework */ = {isa = PBXFileReference; lastKnownFileType = wrapper.framework; name = CoreMotion.framework; path = Platforms/iPhoneOS.platform/Developer/SDKs/iPhoneOS7.0.sdk/System/Library/Frameworks/CoreMotion.framework; sourceTree = DEVELOPER_DIR; };
/* End PBXFileReference section */

/* Begin PBXFrameworksBuildPhase section */
		1D60588F0D05DD3D006BFB54 /* Frameworks */ = {
			isa = PBXFrameworksBuildPhase;
			buildActionMask = 2147483647;
			files = (
				1AC6FB2E180E99EB004C840B /* libbox2d iOS.a in Frameworks */,
				1AC6FB2F180E99EB004C840B /* libchipmunk iOS.a in Frameworks */,
				1AC6FB30180E99EB004C840B /* libcocos2dx iOS.a in Frameworks */,
				1AC6FB31180E99EB004C840B /* libcocos2dx-extensions iOS.a in Frameworks */,
				1AC6FB32180E99EB004C840B /* libCocosDenshion iOS.a in Frameworks */,
				D6B0611B1803AB670077942B /* CoreMotion.framework in Frameworks */,
				1D60589F0D05DD5A006BFB54 /* Foundation.framework in Frameworks */,
				1DF5F4E00D08C38300B7A737 /* UIKit.framework in Frameworks */,
				288765A50DF7441C002DB57D /* CoreGraphics.framework in Frameworks */,
				BF171245129291EC00B8313A /* OpenGLES.framework in Frameworks */,
				BF1712471292920000B8313A /* libz.dylib in Frameworks */,
				BF1C47F01293687400B63C5D /* QuartzCore.framework in Frameworks */,
				D44C620C132DFF330009C878 /* OpenAL.framework in Frameworks */,
				D44C620E132DFF430009C878 /* AVFoundation.framework in Frameworks */,
				D44C6210132DFF4E0009C878 /* AudioToolbox.framework in Frameworks */,
			);
			runOnlyForDeploymentPostprocessing = 0;
		};
		5087E75C17EB910900C73F5D /* Frameworks */ = {
			isa = PBXFrameworksBuildPhase;
			buildActionMask = 2147483647;
			files = (
				1AC6FB1F180E996B004C840B /* libbox2d Mac.a in Frameworks */,
				1AC6FB20180E996B004C840B /* libchipmunk Mac.a in Frameworks */,
				1AC6FB21180E996B004C840B /* libcocos2dx Mac.a in Frameworks */,
				1AC6FB22180E996B004C840B /* libcocos2dx-extensions Mac.a in Frameworks */,
				1AC6FB23180E996B004C840B /* libCocosDenshion Mac.a in Frameworks */,
				503AE11217EB99EE00D1A890 /* libcurl.dylib in Frameworks */,
				5087E76717EB910900C73F5D /* libz.dylib in Frameworks */,
				503AE11B17EB9C5A00D1A890 /* IOKit.framework in Frameworks */,
				5087E78B17EB975400C73F5D /* OpenGL.framework in Frameworks */,
				5087E78917EB974C00C73F5D /* AppKit.framework in Frameworks */,
				5087E76317EB910900C73F5D /* Foundation.framework in Frameworks */,
				5087E76517EB910900C73F5D /* CoreGraphics.framework in Frameworks */,
				5087E76817EB910900C73F5D /* QuartzCore.framework in Frameworks */,
				5087E76917EB910900C73F5D /* OpenAL.framework in Frameworks */,
				5087E76A17EB910900C73F5D /* AVFoundation.framework in Frameworks */,
				5087E76B17EB910900C73F5D /* AudioToolbox.framework in Frameworks */,
			);
			runOnlyForDeploymentPostprocessing = 0;
		};
/* End PBXFrameworksBuildPhase section */

/* Begin PBXGroup section */
		080E96DDFE201D6D7F000001 /* ios */ = {
			isa = PBXGroup;
			children = (
				5087E77117EB970100C73F5D /* Icons */,
				503AE0FA17EB989F00D1A890 /* AppController.h */,
				503AE0FB17EB989F00D1A890 /* AppController.mm */,
				503AE0FC17EB989F00D1A890 /* main.m */,
				503AE0FD17EB989F00D1A890 /* Prefix.pch */,
				503AE0FE17EB989F00D1A890 /* RootViewController.h */,
				503AE0FF17EB989F00D1A890 /* RootViewController.mm */,
			);
			name = ios;
			path = Classes;
			sourceTree = "<group>";
		};
		15AA9C4015B7EC450033D6C2 /* Classes */ = {
			isa = PBXGroup;
			children = (
				1AFAF8B316D35DE700DB1158 /* AppDelegate.cpp */,
				1AFAF8B416D35DE700DB1158 /* AppDelegate.h */,
				1AFAF8B516D35DE700DB1158 /* HelloWorldScene.cpp */,
				1AFAF8B616D35DE700DB1158 /* HelloWorldScene.h */,
				07CE1FDE19C6703300AB525D /* ChoiceScene.cpp */,
				07CE1FDF19C6703300AB525D /* ChoiceScene.h */,
				07CE1FE219C6BD1600AB525D /* Tank.cpp */,
				07CE1FE319C6BD1600AB525D /* Tank.h */,
				07CE1FE619C6BE9C00AB525D /* TileMapInfo.cpp */,
				07CE1FE719C6BE9C00AB525D /* TileMapInfo.h */,
				07CE1FEA19C6C63600AB525D /* CommonValue.h */,
				07CE1FEB19C6C7D500AB525D /* Bullet.cpp */,
				07CE1FEC19C6C7D500AB525D /* Bullet.h */,
				07173AB619C7BEED00A138CC /* Paddle.cpp */,
				07173AB719C7BEED00A138CC /* Paddle.h */,
				070C14EC19CAB5FD00EA4705 /* CityScene.cpp */,
				070C14ED19CAB5FD00EA4705 /* CityScene.h */,
				070C14F419CB9DE000EA4705 /* Panel.cpp */,
				070C14F519CB9DE100EA4705 /* Panel.h */,
				07815B6F19D00D88005C8347 /* MyPaddle.cpp */,
				07815B7019D00D88005C8347 /* MyPaddle.h */,
			);
			name = Classes;
			path = ../classes;
			sourceTree = "<group>";
		};
		19C28FACFE9D520D11CA2CBB /* Products */ = {
			isa = PBXGroup;
			children = (
				1D6058910D05DD3D006BFB54 /* TanksWar iOS.app */,
				5087E76F17EB910900C73F5D /* TanksWar Mac.app */,
			);
			name = Products;
			sourceTree = "<group>";
		};
		1AC6FAE6180E9839004C840B /* Products */ = {
			isa = PBXGroup;
			children = (
				1AC6FAF9180E9839004C840B /* libcocos2dx Mac.a */,
				1AC6FAFB180E9839004C840B /* libcocos2dx-extensions Mac.a */,
				1AC6FAFD180E9839004C840B /* libchipmunk Mac.a */,
				1AC6FAFF180E9839004C840B /* libbox2d Mac.a */,
				1AC6FB01180E9839004C840B /* libCocosDenshion Mac.a */,
				1AC6FB07180E9839004C840B /* libcocos2dx iOS.a */,
				1AC6FB09180E9839004C840B /* libcocos2dx-extensions iOS.a */,
				1AC6FB0B180E9839004C840B /* libchipmunk iOS.a */,
				1AC6FB0D180E9839004C840B /* libbox2d iOS.a */,
				1AC6FB0F180E9839004C840B /* libCocosDenshion iOS.a */,
			);
			name = Products;
			sourceTree = "<group>";
		};
		29B97314FDCFA39411CA2CEA /* CustomTemplate */ = {
			isa = PBXGroup;
			children = (
				1AC6FAE5180E9839004C840B /* cocos2d_libs.xcodeproj */,
				15AA9C4015B7EC450033D6C2 /* Classes */,
				29B97323FDCFA39411CA2CEA /* Frameworks */,
				080E96DDFE201D6D7F000001 /* ios */,
				503AE10617EB990700D1A890 /* mac */,
				19C28FACFE9D520D11CA2CBB /* Products */,
				78C7DDAA14EBA5050085D0C2 /* Resources */,
			);
			name = CustomTemplate;
			sourceTree = "<group>";
		};
		29B97323FDCFA39411CA2CEA /* Frameworks */ = {
			isa = PBXGroup;
			children = (
				D6B0611A1803AB670077942B /* CoreMotion.framework */,
				503AE11A17EB9C5A00D1A890 /* IOKit.framework */,
				503AE11117EB99EE00D1A890 /* libcurl.dylib */,
				5087E78A17EB975400C73F5D /* OpenGL.framework */,
				5087E78817EB974C00C73F5D /* AppKit.framework */,
				1ACB3243164770DE00914215 /* libcurl.a */,
				BF170DB412928DE900B8313A /* libz.dylib */,
				D44C620F132DFF4E0009C878 /* AudioToolbox.framework */,
				D44C620D132DFF430009C878 /* AVFoundation.framework */,
				288765A40DF7441C002DB57D /* CoreGraphics.framework */,
				1D30AB110D05D00D00671497 /* Foundation.framework */,
				D44C620B132DFF330009C878 /* OpenAL.framework */,
				BF170DB012928DE900B8313A /* OpenGLES.framework */,
				BF1C47EA1293683800B63C5D /* QuartzCore.framework */,
				1DF5F4DF0D08C38300B7A737 /* UIKit.framework */,
			);
			name = Frameworks;
			sourceTree = "<group>";
		};
		503AE0F517EB97AB00D1A890 /* Icons */ = {
			isa = PBXGroup;
			children = (
				503AE0F617EB97AB00D1A890 /* Icon.icns */,
				503AE0F717EB97AB00D1A890 /* Info.plist */,
			);
			name = Icons;
			path = mac;
			sourceTree = SOURCE_ROOT;
		};
		503AE10617EB990700D1A890 /* mac */ = {
			isa = PBXGroup;
			children = (
				503AE0F517EB97AB00D1A890 /* Icons */,
				503AE10317EB98FF00D1A890 /* main.cpp */,
				503AE10417EB98FF00D1A890 /* Prefix.pch */,
			);
			name = mac;
			sourceTree = "<group>";
		};
		5087E77117EB970100C73F5D /* Icons */ = {
			isa = PBXGroup;
			children = (
				5087E77217EB970100C73F5D /* Default-568h@2x.png */,
				5087E77317EB970100C73F5D /* Default.png */,
				5087E77417EB970100C73F5D /* Default@2x.png */,
				50EF62A017ECD613001EB2F8 /* Icon-29.png */,
				50EF62A117ECD613001EB2F8 /* Icon-50.png */,
				50EF629217ECD46A001EB2F8 /* Icon-40.png */,
				50EF629317ECD46A001EB2F8 /* Icon-58.png */,
				50EF629417ECD46A001EB2F8 /* Icon-80.png */,
				50EF629517ECD46A001EB2F8 /* Icon-100.png */,
				5087E77517EB970100C73F5D /* Icon-114.png */,
				5087E77617EB970100C73F5D /* Icon-120.png */,
				5087E77717EB970100C73F5D /* Icon-144.png */,
				5087E77817EB970100C73F5D /* Icon-152.png */,
				5087E77917EB970100C73F5D /* Icon-57.png */,
				5087E77A17EB970100C73F5D /* Icon-72.png */,
				5087E77B17EB970100C73F5D /* Icon-76.png */,
				5087E77C17EB970100C73F5D /* Info.plist */,
			);
			name = Icons;
			path = ios;
			sourceTree = SOURCE_ROOT;
		};
		78C7DDAA14EBA5050085D0C2 /* Resources */ = {
			isa = PBXGroup;
			children = (
				07815B7A19D10F93005C8347 /* scoreboard */,
				07815B7B19D10F93005C8347 /* sounds */,
				07815B7C19D10F93005C8347 /* tank */,
				07815B7419D10F6B005C8347 /* item */,
				07815B7519D10F6B005C8347 /* landform */,
				07815B6C19CFDE01005C8347 /* fonts */,
				07815B6919CFDDE2005C8347 /* paddle */,
				07CE1E1E19C65B3000AB525D /* Black.png */,
				07CE1E1F19C65B3000AB525D /* blast.plist */,
				07CE1E2019C65B3000AB525D /* blast.png */,
				07CE1E2119C65B3000AB525D /* blast.tps */,
				07CE1E2B19C65B3000AB525D /* item.plist */,
				07CE1E2C19C65B3000AB525D /* item.png */,
				07CE1E2D19C65B3000AB525D /* item.tps */,
				07CE1E3819C65B3000AB525D /* over.png */,
				07CE1E5119C65B3000AB525D /* playgameClose.png */,
				07CE1E5219C65B3000AB525D /* playgameNormal.png */,
				07CE1E5319C65B3000AB525D /* Round1 - 副本.tmx */,
				07CE1E5419C65B3000AB525D /* Round1.tmx */,
				07CE1E5519C65B3000AB525D /* Round2.tmx */,
				07CE1E5619C65B3000AB525D /* Round3.tmx */,
				07CE1E5719C65B3000AB525D /* Round4.tmx */,
				07CE1E5819C65B3000AB525D /* Round5.tmx */,
				07CE1E5919C65B3000AB525D /* Round6.tmx */,
				07CE1E5A19C65B3000AB525D /* Round7.tmx */,
				07CE1E5B19C65B3000AB525D /* Round8.tmx */,
				07CE1E5C19C65B3000AB525D /* Round9.tmx */,
				07CE1E5D19C65B3000AB525D /* Round10.tmx */,
				07CE1E5E19C65B3000AB525D /* Round11.tmx */,
				07CE1E5F19C65B3000AB525D /* Round12.tmx */,
				07CE1E6019C65B3000AB525D /* Round13.tmx */,
				07CE1E6119C65B3000AB525D /* Round14.tmx */,
				07CE1E6219C65B3100AB525D /* Round15.tmx */,
				07CE1E6319C65B3100AB525D /* Round16.tmx */,
				07CE1E6419C65B3100AB525D /* Round17.tmx */,
				07CE1E6519C65B3100AB525D /* Round18.tmx */,
				07CE1E6619C65B3100AB525D /* Round19.tmx */,
				07CE1E6719C65B3100AB525D /* Round20_ff.tmx */,
				07CE1E6819C65B3100AB525D /* Round20_round.tmx */,
				07CE1E6919C65B3100AB525D /* Round20_true.tmx */,
				07CE1E6A19C65B3100AB525D /* Round20.tmx */,
				07CE1E6B19C65B3100AB525D /* Roundex_frontfire.tmx */,
				07CE1E6C19C65B3100AB525D /* ScenceStart.png */,
				07CE1EB719C65B3100AB525D /* tank.plist */,
				07CE1EB819C65B3100AB525D /* tank.png */,
				07CE1EB919C65B3100AB525D /* tank.tps */,
				1AFAF8B916D35E4900DB1158 /* CloseNormal.png */,
				1AFAF8BA16D35E4900DB1158 /* CloseSelected.png */,
			);
			name = Resources;
			path = ../Resources;
			sourceTree = "<group>";
		};
/* End PBXGroup section */

/* Begin PBXNativeTarget section */
		1D6058900D05DD3D006BFB54 /* TanksWar iOS */ = {
			isa = PBXNativeTarget;
			buildConfigurationList = 1D6058960D05DD3E006BFB54 /* Build configuration list for PBXNativeTarget "TanksWar iOS" */;
			buildPhases = (
				1D60588D0D05DD3D006BFB54 /* Resources */,
				1D60588E0D05DD3D006BFB54 /* Sources */,
				1D60588F0D05DD3D006BFB54 /* Frameworks */,
			);
			buildRules = (
			);
			dependencies = (
				1AC6FB25180E99E1004C840B /* PBXTargetDependency */,
				1AC6FB27180E99E1004C840B /* PBXTargetDependency */,
				1AC6FB29180E99E1004C840B /* PBXTargetDependency */,
				1AC6FB2B180E99E1004C840B /* PBXTargetDependency */,
				1AC6FB2D180E99E1004C840B /* PBXTargetDependency */,
			);
			name = "TanksWar iOS";
			productName = iphone;
			productReference = 1D6058910D05DD3D006BFB54 /* TanksWar iOS.app */;
			productType = "com.apple.product-type.application";
		};
		5087E73D17EB910900C73F5D /* TanksWar Mac */ = {
			isa = PBXNativeTarget;
			buildConfigurationList = 5087E76C17EB910900C73F5D /* Build configuration list for PBXNativeTarget "TanksWar Mac" */;
			buildPhases = (
				5087E74817EB910900C73F5D /* Resources */,
				5087E75617EB910900C73F5D /* Sources */,
				5087E75C17EB910900C73F5D /* Frameworks */,
			);
			buildRules = (
			);
			dependencies = (
				1AC6FB1E180E9963004C840B /* PBXTargetDependency */,
				1AC6FB16180E9959004C840B /* PBXTargetDependency */,
				1AC6FB18180E9959004C840B /* PBXTargetDependency */,
				1AC6FB1A180E9959004C840B /* PBXTargetDependency */,
				1AC6FB1C180E9959004C840B /* PBXTargetDependency */,
			);
			name = "TanksWar Mac";
			productName = iphone;
			productReference = 5087E76F17EB910900C73F5D /* TanksWar Mac.app */;
			productType = "com.apple.product-type.application";
		};
/* End PBXNativeTarget section */

/* Begin PBXProject section */
		29B97313FDCFA39411CA2CEA /* Project object */ = {
			isa = PBXProject;
			attributes = {
				LastUpgradeCheck = 0500;
				TargetAttributes = {
					1D6058900D05DD3D006BFB54 = {
						DevelopmentTeam = MDDB52YB8L;
					};
				};
			};
			buildConfigurationList = C01FCF4E08A954540054247B /* Build configuration list for PBXProject "TanksWar" */;
			compatibilityVersion = "Xcode 3.2";
			developmentRegion = English;
			hasScannedForEncodings = 1;
			knownRegions = (
				English,
				Japanese,
				French,
				German,
			);
			mainGroup = 29B97314FDCFA39411CA2CEA /* CustomTemplate */;
			projectDirPath = "";
			projectReferences = (
				{
					ProductGroup = 1AC6FAE6180E9839004C840B /* Products */;
					ProjectRef = 1AC6FAE5180E9839004C840B /* cocos2d_libs.xcodeproj */;
				},
			);
			projectRoot = "";
			targets = (
				1D6058900D05DD3D006BFB54 /* TanksWar iOS */,
				5087E73D17EB910900C73F5D /* TanksWar Mac */,
			);
		};
/* End PBXProject section */

/* Begin PBXReferenceProxy section */
		1AC6FAF9180E9839004C840B /* libcocos2dx Mac.a */ = {
			isa = PBXReferenceProxy;
			fileType = archive.ar;
			path = "libcocos2dx Mac.a";
			remoteRef = 1AC6FAF8180E9839004C840B /* PBXContainerItemProxy */;
			sourceTree = BUILT_PRODUCTS_DIR;
		};
		1AC6FAFB180E9839004C840B /* libcocos2dx-extensions Mac.a */ = {
			isa = PBXReferenceProxy;
			fileType = archive.ar;
			path = "libcocos2dx-extensions Mac.a";
			remoteRef = 1AC6FAFA180E9839004C840B /* PBXContainerItemProxy */;
			sourceTree = BUILT_PRODUCTS_DIR;
		};
		1AC6FAFD180E9839004C840B /* libchipmunk Mac.a */ = {
			isa = PBXReferenceProxy;
			fileType = archive.ar;
			path = "libchipmunk Mac.a";
			remoteRef = 1AC6FAFC180E9839004C840B /* PBXContainerItemProxy */;
			sourceTree = BUILT_PRODUCTS_DIR;
		};
		1AC6FAFF180E9839004C840B /* libbox2d Mac.a */ = {
			isa = PBXReferenceProxy;
			fileType = archive.ar;
			path = "libbox2d Mac.a";
			remoteRef = 1AC6FAFE180E9839004C840B /* PBXContainerItemProxy */;
			sourceTree = BUILT_PRODUCTS_DIR;
		};
		1AC6FB01180E9839004C840B /* libCocosDenshion Mac.a */ = {
			isa = PBXReferenceProxy;
			fileType = archive.ar;
			path = "libCocosDenshion Mac.a";
			remoteRef = 1AC6FB00180E9839004C840B /* PBXContainerItemProxy */;
			sourceTree = BUILT_PRODUCTS_DIR;
		};
		1AC6FB07180E9839004C840B /* libcocos2dx iOS.a */ = {
			isa = PBXReferenceProxy;
			fileType = archive.ar;
			path = "libcocos2dx iOS.a";
			remoteRef = 1AC6FB06180E9839004C840B /* PBXContainerItemProxy */;
			sourceTree = BUILT_PRODUCTS_DIR;
		};
		1AC6FB09180E9839004C840B /* libcocos2dx-extensions iOS.a */ = {
			isa = PBXReferenceProxy;
			fileType = archive.ar;
			path = "libcocos2dx-extensions iOS.a";
			remoteRef = 1AC6FB08180E9839004C840B /* PBXContainerItemProxy */;
			sourceTree = BUILT_PRODUCTS_DIR;
		};
		1AC6FB0B180E9839004C840B /* libchipmunk iOS.a */ = {
			isa = PBXReferenceProxy;
			fileType = archive.ar;
			path = "libchipmunk iOS.a";
			remoteRef = 1AC6FB0A180E9839004C840B /* PBXContainerItemProxy */;
			sourceTree = BUILT_PRODUCTS_DIR;
		};
		1AC6FB0D180E9839004C840B /* libbox2d iOS.a */ = {
			isa = PBXReferenceProxy;
			fileType = archive.ar;
			path = "libbox2d iOS.a";
			remoteRef = 1AC6FB0C180E9839004C840B /* PBXContainerItemProxy */;
			sourceTree = BUILT_PRODUCTS_DIR;
		};
		1AC6FB0F180E9839004C840B /* libCocosDenshion iOS.a */ = {
			isa = PBXReferenceProxy;
			fileType = archive.ar;
			path = "libCocosDenshion iOS.a";
			remoteRef = 1AC6FB0E180E9839004C840B /* PBXContainerItemProxy */;
			sourceTree = BUILT_PRODUCTS_DIR;
		};
/* End PBXReferenceProxy section */

/* Begin PBXResourcesBuildPhase section */
		1D60588D0D05DD3D006BFB54 /* Resources */ = {
			isa = PBXResourcesBuildPhase;
			buildActionMask = 2147483647;
			files = (
				07CE1F1619C65B3100AB525D /* playgameClose.png in Resources */,
				5087E78117EB970100C73F5D /* Icon-120.png in Resources */,
				07CE1EBA19C65B3100AB525D /* Black.png in Resources */,
				07CE1F1819C65B3100AB525D /* playgameNormal.png in Resources */,
				07CE1EBE19C65B3100AB525D /* blast.png in Resources */,
				5087E78617EB970100C73F5D /* Icon-76.png in Resources */,
				07CE1F2419C65B3100AB525D /* Round5.tmx in Resources */,
				5087E77F17EB970100C73F5D /* Default@2x.png in Resources */,
				50EF629917ECD46A001EB2F8 /* Icon-100.png in Resources */,
				07CE1F2019C65B3100AB525D /* Round3.tmx in Resources */,
				1AFAF8BC16D35E4900DB1158 /* CloseNormal.png in Resources */,
				07CE1F4A19C65B3100AB525D /* Roundex_frontfire.tmx in Resources */,
				07815B6D19CFDE01005C8347 /* fonts in Resources */,
				07CE1F3619C65B3100AB525D /* Round14.tmx in Resources */,
				5087E78317EB970100C73F5D /* Icon-152.png in Resources */,
				07CE1F1C19C65B3100AB525D /* Round1.tmx in Resources */,
				5087E77D17EB970100C73F5D /* Default-568h@2x.png in Resources */,
				07CE1F1E19C65B3100AB525D /* Round2.tmx in Resources */,
				07815B7F19D10F93005C8347 /* tank in Resources */,
				5087E78517EB970100C73F5D /* Icon-72.png in Resources */,
				07CE1F3219C65B3100AB525D /* Round12.tmx in Resources */,
				07CE1ED219C65B3100AB525D /* item.png in Resources */,
				07CE1F2619C65B3100AB525D /* Round6.tmx in Resources */,
				07815B7D19D10F93005C8347 /* scoreboard in Resources */,
				07815B7E19D10F93005C8347 /* sounds in Resources */,
				07CE1F4C19C65B3100AB525D /* ScenceStart.png in Resources */,
				1AFAF8BD16D35E4900DB1158 /* CloseSelected.png in Resources */,
				07CE1ED419C65B3100AB525D /* item.tps in Resources */,
				07CE1F2E19C65B3100AB525D /* Round10.tmx in Resources */,
				50EF62A317ECD613001EB2F8 /* Icon-50.png in Resources */,
				07CE1F3419C65B3100AB525D /* Round13.tmx in Resources */,
				07815B7719D10F6B005C8347 /* landform in Resources */,
				07CE1F4619C65B3100AB525D /* Round20_true.tmx in Resources */,
				5087E78017EB970100C73F5D /* Icon-114.png in Resources */,
				07CE1EC019C65B3100AB525D /* blast.tps in Resources */,
				50EF62A217ECD613001EB2F8 /* Icon-29.png in Resources */,
				50EF629617ECD46A001EB2F8 /* Icon-40.png in Resources */,
				07CE1F3019C65B3100AB525D /* Round11.tmx in Resources */,
				07CE1EBC19C65B3100AB525D /* blast.plist in Resources */,
				5087E78217EB970100C73F5D /* Icon-144.png in Resources */,
				07815B6A19CFDDE2005C8347 /* paddle in Resources */,
				07CE1F4819C65B3100AB525D /* Round20.tmx in Resources */,
				50EF629817ECD46A001EB2F8 /* Icon-80.png in Resources */,
				07CE1F1A19C65B3100AB525D /* Round1 - 副本.tmx in Resources */,
				07CE1FD219C65B3100AB525D /* tank.plist in Resources */,
				07CE1FD619C65B3100AB525D /* tank.tps in Resources */,
				07CE1F2C19C65B3100AB525D /* Round9.tmx in Resources */,
				07CE1F3C19C65B3100AB525D /* Round17.tmx in Resources */,
				07CE1F2819C65B3100AB525D /* Round7.tmx in Resources */,
				07CE1F4419C65B3100AB525D /* Round20_round.tmx in Resources */,
				07CE1F4219C65B3100AB525D /* Round20_ff.tmx in Resources */,
				5087E78417EB970100C73F5D /* Icon-57.png in Resources */,
				07CE1FD419C65B3100AB525D /* tank.png in Resources */,
				07CE1F2219C65B3100AB525D /* Round4.tmx in Resources */,
				07CE1F3819C65B3100AB525D /* Round15.tmx in Resources */,
				07CE1F3A19C65B3100AB525D /* Round16.tmx in Resources */,
				5087E77E17EB970100C73F5D /* Default.png in Resources */,
				07CE1EE819C65B3100AB525D /* over.png in Resources */,
				07CE1F3E19C65B3100AB525D /* Round18.tmx in Resources */,
				50EF629717ECD46A001EB2F8 /* Icon-58.png in Resources */,
				07815B7619D10F6B005C8347 /* item in Resources */,
				07CE1F2A19C65B3100AB525D /* Round8.tmx in Resources */,
				07CE1ED019C65B3100AB525D /* item.plist in Resources */,
				07CE1F4019C65B3100AB525D /* Round19.tmx in Resources */,
			);
			runOnlyForDeploymentPostprocessing = 0;
		};
		5087E74817EB910900C73F5D /* Resources */ = {
			isa = PBXResourcesBuildPhase;
			buildActionMask = 2147483647;
			files = (
				07CE1F3B19C65B3100AB525D /* Round16.tmx in Resources */,
				07CE1ED519C65B3100AB525D /* item.tps in Resources */,
				07CE1F4119C65B3100AB525D /* Round19.tmx in Resources */,
				5087E75317EB910900C73F5D /* CloseNormal.png in Resources */,
				07CE1FD319C65B3100AB525D /* tank.plist in Resources */,
				07CE1F2719C65B3100AB525D /* Round6.tmx in Resources */,
				07CE1F1B19C65B3100AB525D /* Round1 - 副本.tmx in Resources */,
				07815B6B19CFDDE2005C8347 /* paddle in Resources */,
				07CE1EBB19C65B3100AB525D /* Black.png in Resources */,
				07CE1F2F19C65B3100AB525D /* Round10.tmx in Resources */,
				07CE1F4D19C65B3100AB525D /* ScenceStart.png in Resources */,
				07CE1ED119C65B3100AB525D /* item.plist in Resources */,
				07815B6E19CFDE01005C8347 /* fonts in Resources */,
				07CE1F4319C65B3100AB525D /* Round20_ff.tmx in Resources */,
				503AE0F817EB97AB00D1A890 /* Icon.icns in Resources */,
				07CE1EBD19C65B3100AB525D /* blast.plist in Resources */,
				07CE1EC119C65B3100AB525D /* blast.tps in Resources */,
				07CE1EBF19C65B3100AB525D /* blast.png in Resources */,
				5087E75417EB910900C73F5D /* CloseSelected.png in Resources */,
				07CE1F2919C65B3100AB525D /* Round7.tmx in Resources */,
				07CE1F1D19C65B3100AB525D /* Round1.tmx in Resources */,
				07CE1F4519C65B3100AB525D /* Round20_round.tmx in Resources */,
				07CE1F3D19C65B3100AB525D /* Round17.tmx in Resources */,
				07CE1ED319C65B3100AB525D /* item.png in Resources */,
				07CE1FD719C65B3100AB525D /* tank.tps in Resources */,
				07CE1F4B19C65B3100AB525D /* Roundex_frontfire.tmx in Resources */,
				07CE1F4919C65B3100AB525D /* Round20.tmx in Resources */,
				07CE1F2519C65B3100AB525D /* Round5.tmx in Resources */,
				07CE1F1919C65B3100AB525D /* playgameNormal.png in Resources */,
				07CE1F2D19C65B3100AB525D /* Round9.tmx in Resources */,
				07CE1F3719C65B3100AB525D /* Round14.tmx in Resources */,
				07CE1F2119C65B3100AB525D /* Round3.tmx in Resources */,
				07CE1F1F19C65B3100AB525D /* Round2.tmx in Resources */,
				07CE1F3919C65B3100AB525D /* Round15.tmx in Resources */,
				07CE1FD519C65B3100AB525D /* tank.png in Resources */,
				07CE1F3F19C65B3100AB525D /* Round18.tmx in Resources */,
				07CE1F1719C65B3100AB525D /* playgameClose.png in Resources */,
				07CE1F2B19C65B3100AB525D /* Round8.tmx in Resources */,
				07CE1F3519C65B3100AB525D /* Round13.tmx in Resources */,
				07CE1F3319C65B3100AB525D /* Round12.tmx in Resources */,
				07CE1F3119C65B3100AB525D /* Round11.tmx in Resources */,
				07CE1F4719C65B3100AB525D /* Round20_true.tmx in Resources */,
				07CE1F2319C65B3100AB525D /* Round4.tmx in Resources */,
				07CE1EE919C65B3100AB525D /* over.png in Resources */,
			);
			runOnlyForDeploymentPostprocessing = 0;
		};
/* End PBXResourcesBuildPhase section */

/* Begin PBXSourcesBuildPhase section */
		1D60588E0D05DD3D006BFB54 /* Sources */ = {
			isa = PBXSourcesBuildPhase;
			buildActionMask = 2147483647;
			files = (
				07CE1FE819C6BE9C00AB525D /* TileMapInfo.cpp in Sources */,
				07CE1FED19C6C7D500AB525D /* Bullet.cpp in Sources */,
				503AE10017EB989F00D1A890 /* AppController.mm in Sources */,
				07CE1FE019C6703300AB525D /* ChoiceScene.cpp in Sources */,
				503AE10217EB989F00D1A890 /* RootViewController.mm in Sources */,
				1AFAF8B716D35DE700DB1158 /* AppDelegate.cpp in Sources */,
				070C14F619CB9DE100EA4705 /* Panel.cpp in Sources */,
				070C14EE19CAB5FD00EA4705 /* CityScene.cpp in Sources */,
				07815B7119D00D88005C8347 /* MyPaddle.cpp in Sources */,
				503AE10117EB989F00D1A890 /* main.m in Sources */,
				07CE1FE419C6BD1600AB525D /* Tank.cpp in Sources */,
				1AFAF8B816D35DE700DB1158 /* HelloWorldScene.cpp in Sources */,
				07173AB819C7BEED00A138CC /* Paddle.cpp in Sources */,
			);
			runOnlyForDeploymentPostprocessing = 0;
		};
		5087E75617EB910900C73F5D /* Sources */ = {
			isa = PBXSourcesBuildPhase;
			buildActionMask = 2147483647;
			files = (
				070C14EF19CAB5FD00EA4705 /* CityScene.cpp in Sources */,
				5087E75717EB910900C73F5D /* AppDelegate.cpp in Sources */,
				07CE1FE119C6703300AB525D /* ChoiceScene.cpp in Sources */,
				07CE1FEE19C6C7D500AB525D /* Bullet.cpp in Sources */,
				07CE1FE919C6BE9C00AB525D /* TileMapInfo.cpp in Sources */,
				5087E75817EB910900C73F5D /* HelloWorldScene.cpp in Sources */,
				07173AB919C7BEED00A138CC /* Paddle.cpp in Sources */,
				503AE10517EB98FF00D1A890 /* main.cpp in Sources */,
				070C14F719CB9DE100EA4705 /* Panel.cpp in Sources */,
				07815B7219D00D88005C8347 /* MyPaddle.cpp in Sources */,
				07CE1FE519C6BD1600AB525D /* Tank.cpp in Sources */,
			);
			runOnlyForDeploymentPostprocessing = 0;
		};
/* End PBXSourcesBuildPhase section */

/* Begin PBXTargetDependency section */
		1AC6FB16180E9959004C840B /* PBXTargetDependency */ = {
			isa = PBXTargetDependency;
			name = "cocos2dx Mac";
			targetProxy = 1AC6FB15180E9959004C840B /* PBXContainerItemProxy */;
		};
		1AC6FB18180E9959004C840B /* PBXTargetDependency */ = {
			isa = PBXTargetDependency;
			name = "cocos2dx-extensions Mac";
			targetProxy = 1AC6FB17180E9959004C840B /* PBXContainerItemProxy */;
		};
		1AC6FB1A180E9959004C840B /* PBXTargetDependency */ = {
			isa = PBXTargetDependency;
			name = "chipmunk Mac";
			targetProxy = 1AC6FB19180E9959004C840B /* PBXContainerItemProxy */;
		};
		1AC6FB1C180E9959004C840B /* PBXTargetDependency */ = {
			isa = PBXTargetDependency;
			name = "CocosDenshion Mac";
			targetProxy = 1AC6FB1B180E9959004C840B /* PBXContainerItemProxy */;
		};
		1AC6FB1E180E9963004C840B /* PBXTargetDependency */ = {
			isa = PBXTargetDependency;
			name = "box2d Mac";
			targetProxy = 1AC6FB1D180E9963004C840B /* PBXContainerItemProxy */;
		};
		1AC6FB25180E99E1004C840B /* PBXTargetDependency */ = {
			isa = PBXTargetDependency;
			name = "cocos2dx iOS";
			targetProxy = 1AC6FB24180E99E1004C840B /* PBXContainerItemProxy */;
		};
		1AC6FB27180E99E1004C840B /* PBXTargetDependency */ = {
			isa = PBXTargetDependency;
			name = "cocos2dx-extensions iOS";
			targetProxy = 1AC6FB26180E99E1004C840B /* PBXContainerItemProxy */;
		};
		1AC6FB29180E99E1004C840B /* PBXTargetDependency */ = {
			isa = PBXTargetDependency;
			name = "chipmunk iOS";
			targetProxy = 1AC6FB28180E99E1004C840B /* PBXContainerItemProxy */;
		};
		1AC6FB2B180E99E1004C840B /* PBXTargetDependency */ = {
			isa = PBXTargetDependency;
			name = "box2d iOS";
			targetProxy = 1AC6FB2A180E99E1004C840B /* PBXContainerItemProxy */;
		};
		1AC6FB2D180E99E1004C840B /* PBXTargetDependency */ = {
			isa = PBXTargetDependency;
			name = "CocosDenshion iOS";
			targetProxy = 1AC6FB2C180E99E1004C840B /* PBXContainerItemProxy */;
		};
/* End PBXTargetDependency section */

/* Begin XCBuildConfiguration section */
		1D6058940D05DD3E006BFB54 /* Debug */ = {
			isa = XCBuildConfiguration;
			buildSettings = {
				ALWAYS_SEARCH_USER_PATHS = YES;
				CODE_SIGN_IDENTITY = "iPhone Developer";
				COMPRESS_PNG_FILES = NO;
				GCC_DYNAMIC_NO_PIC = NO;
				GCC_INLINES_ARE_PRIVATE_EXTERN = NO;
				GCC_PRECOMPILE_PREFIX_HEADER = YES;
				GCC_PREFIX_HEADER = ios/Prefix.pch;
				GCC_PREPROCESSOR_DEFINITIONS = (
					USE_FILE32API,
					CC_TARGET_OS_IPHONE,
					"COCOS2D_DEBUG=1",
					"CC_ENABLE_CHIPMUNK_INTEGRATION=1",
				);
				GCC_SYMBOLS_PRIVATE_EXTERN = NO;
				HEADER_SEARCH_PATHS = (
					"$(inherited)",
					"$(SRCROOT)/../cocos2d/cocos/platform/ios",
					"$(SRCROOT)/../cocos2d/cocos/platform/ios/Simulation",
				);
				INFOPLIST_FILE = ios/Info.plist;
				IPHONEOS_DEPLOYMENT_TARGET = 5.0;
				LIBRARY_SEARCH_PATHS = "";
				SDKROOT = iphoneos;
				TARGETED_DEVICE_FAMILY = "1,2";
				USER_HEADER_SEARCH_PATHS = "";
			};
			name = Debug;
		};
		1D6058950D05DD3E006BFB54 /* Release */ = {
			isa = XCBuildConfiguration;
			buildSettings = {
				ALWAYS_SEARCH_USER_PATHS = YES;
				CODE_SIGN_IDENTITY = "iPhone Developer";
				COMPRESS_PNG_FILES = NO;
				GCC_INLINES_ARE_PRIVATE_EXTERN = NO;
				GCC_PRECOMPILE_PREFIX_HEADER = YES;
				GCC_PREFIX_HEADER = ios/Prefix.pch;
				GCC_PREPROCESSOR_DEFINITIONS = (
					USE_FILE32API,
					CC_TARGET_OS_IPHONE,
					"CC_ENABLE_CHIPMUNK_INTEGRATION=1",
				);
				GCC_SYMBOLS_PRIVATE_EXTERN = NO;
				HEADER_SEARCH_PATHS = (
					"$(inherited)",
					"$(SRCROOT)/../cocos2d/cocos/platform/ios",
					"$(SRCROOT)/../cocos2d/cocos/platform/ios/Simulation",
				);
				INFOPLIST_FILE = ios/Info.plist;
				IPHONEOS_DEPLOYMENT_TARGET = 5.0;
				LIBRARY_SEARCH_PATHS = "";
				SDKROOT = iphoneos;
				TARGETED_DEVICE_FAMILY = "1,2";
				USER_HEADER_SEARCH_PATHS = "";
			};
			name = Release;
		};
		5087E76D17EB910900C73F5D /* Debug */ = {
			isa = XCBuildConfiguration;
			buildSettings = {
				ALWAYS_SEARCH_USER_PATHS = YES;
				ARCHS = "$(ARCHS_STANDARD_64_BIT)";
				CLANG_CXX_LANGUAGE_STANDARD = "c++0x";
				CLANG_CXX_LIBRARY = "libc++";
				GCC_DYNAMIC_NO_PIC = NO;
				GCC_INLINES_ARE_PRIVATE_EXTERN = NO;
				GCC_PRECOMPILE_PREFIX_HEADER = YES;
				GCC_PREFIX_HEADER = mac/Prefix.pch;
				GCC_PREPROCESSOR_DEFINITIONS = (
					USE_FILE32API,
					CC_TARGET_OS_MAC,
					"COCOS2D_DEBUG=1",
					"CC_ENABLE_CHIPMUNK_INTEGRATION=1",
				);
				GCC_SYMBOLS_PRIVATE_EXTERN = NO;
				HEADER_SEARCH_PATHS = (
					"$(inherited)",
					"$(SRCROOT)/../cocos2d/cocos/platform/mac",
					"$(SRCROOT)/../cocos2d/external/glfw3/include/mac",
				);
				INFOPLIST_FILE = mac/Info.plist;
				LIBRARY_SEARCH_PATHS = "";
				USER_HEADER_SEARCH_PATHS = "";
			};
			name = Debug;
		};
		5087E76E17EB910900C73F5D /* Release */ = {
			isa = XCBuildConfiguration;
			buildSettings = {
				ALWAYS_SEARCH_USER_PATHS = YES;
				ARCHS = "$(ARCHS_STANDARD_64_BIT)";
				CLANG_CXX_LANGUAGE_STANDARD = "c++0x";
				CLANG_CXX_LIBRARY = "libc++";
				GCC_INLINES_ARE_PRIVATE_EXTERN = NO;
				GCC_PRECOMPILE_PREFIX_HEADER = YES;
				GCC_PREFIX_HEADER = mac/Prefix.pch;
				GCC_PREPROCESSOR_DEFINITIONS = (
					USE_FILE32API,
					CC_TARGET_OS_MAC,
					"CC_ENABLE_CHIPMUNK_INTEGRATION=1",
				);
				GCC_SYMBOLS_PRIVATE_EXTERN = NO;
				HEADER_SEARCH_PATHS = (
					"$(inherited)",
					"$(SRCROOT)/../cocos2d/cocos/platform/mac",
					"$(SRCROOT)/../cocos2d/external/glfw3/include/mac",
				);
				INFOPLIST_FILE = mac/Info.plist;
				LIBRARY_SEARCH_PATHS = "";
				USER_HEADER_SEARCH_PATHS = "";
			};
			name = Release;
		};
		C01FCF4F08A954540054247B /* Debug */ = {
			isa = XCBuildConfiguration;
			buildSettings = {
				CLANG_CXX_LANGUAGE_STANDARD = "c++0x";
				CLANG_CXX_LIBRARY = "libc++";
				COPY_PHASE_STRIP = NO;
				GCC_OPTIMIZATION_LEVEL = 0;
				GCC_WARN_ABOUT_RETURN_TYPE = YES;
				GCC_WARN_UNUSED_VARIABLE = YES;
				HEADER_SEARCH_PATHS = (
					"$(SRCROOT)/../cocos2d",
					"$(SRCROOT)/../cocos2d/cocos",
					"$(SRCROOT)/../cocos2d/cocos/base",
					"$(SRCROOT)/../cocos2d/cocos/physics",
					"$(SRCROOT)/../cocos2d/cocos/math",
					"$(SRCROOT)/../cocos2d/cocos/2d",
					"$(SRCROOT)/../cocos2d/cocos/ui",
					"$(SRCROOT)/../cocos2d/cocos/network",
					"$(SRCROOT)/../cocos2d/cocos/audio/include",
					"$(SRCROOT)/../cocos2d/cocos/editor-support",
					"$(SRCROOT)/../cocos2d/extensions",
					"$(SRCROOT)/../cocos2d/external",
					"$(SRCROOT)/../cocos2d/external/chipmunk/include/chipmunk",
				);
				MACOSX_DEPLOYMENT_TARGET = 10.7;
				ONLY_ACTIVE_ARCH = YES;
				PRODUCT_NAME = "$(TARGET_NAME)";
				SDKROOT = macosx;
			};
			name = Debug;
		};
		C01FCF5008A954540054247B /* Release */ = {
			isa = XCBuildConfiguration;
			buildSettings = {
				CLANG_CXX_LANGUAGE_STANDARD = "c++0x";
				CLANG_CXX_LIBRARY = "libc++";
				GCC_WARN_ABOUT_RETURN_TYPE = YES;
				GCC_WARN_UNUSED_VARIABLE = YES;
				HEADER_SEARCH_PATHS = (
					"$(SRCROOT)/../cocos2d",
					"$(SRCROOT)/../cocos2d/cocos",
					"$(SRCROOT)/../cocos2d/cocos/base",
					"$(SRCROOT)/../cocos2d/cocos/physics",
					"$(SRCROOT)/../cocos2d/cocos/math",
					"$(SRCROOT)/../cocos2d/cocos/2d",
					"$(SRCROOT)/../cocos2d/cocos/ui",
					"$(SRCROOT)/../cocos2d/cocos/network",
					"$(SRCROOT)/../cocos2d/cocos/audio/include",
					"$(SRCROOT)/../cocos2d/cocos/editor-support",
					"$(SRCROOT)/../cocos2d/extensions",
					"$(SRCROOT)/../cocos2d/external",
					"$(SRCROOT)/../cocos2d/external/chipmunk/include/chipmunk",
				);
				MACOSX_DEPLOYMENT_TARGET = 10.7;
				OTHER_CFLAGS = "-DNS_BLOCK_ASSERTIONS=1";
				PRODUCT_NAME = "$(TARGET_NAME)";
				SDKROOT = macosx;
				VALIDATE_PRODUCT = YES;
			};
			name = Release;
		};
/* End XCBuildConfiguration section */

/* Begin XCConfigurationList section */
		1D6058960D05DD3E006BFB54 /* Build configuration list for PBXNativeTarget "TanksWar iOS" */ = {
			isa = XCConfigurationList;
			buildConfigurations = (
				1D6058940D05DD3E006BFB54 /* Debug */,
				1D6058950D05DD3E006BFB54 /* Release */,
			);
			defaultConfigurationIsVisible = 0;
			defaultConfigurationName = Debug;
		};
		5087E76C17EB910900C73F5D /* Build configuration list for PBXNativeTarget "TanksWar Mac" */ = {
			isa = XCConfigurationList;
			buildConfigurations = (
				5087E76D17EB910900C73F5D /* Debug */,
				5087E76E17EB910900C73F5D /* Release */,
			);
			defaultConfigurationIsVisible = 0;
			defaultConfigurationName = Debug;
		};
		C01FCF4E08A954540054247B /* Build configuration list for PBXProject "TanksWar" */ = {
			isa = XCConfigurationList;
			buildConfigurations = (
				C01FCF4F08A954540054247B /* Debug */,
				C01FCF5008A954540054247B /* Release */,
			);
			defaultConfigurationIsVisible = 0;
			defaultConfigurationName = Debug;
		};
/* End XCConfigurationList section */
	};
	rootObject = 29B97313FDCFA39411CA2CEA /* Project object */;
}
